// !$*UTF8*$!
{
	archiveVersion = 1;
	classes = {
	};
	objectVersion = 52;
	objects = {

/* Begin PBXBuildFile section */
		1912559EBAB5D4E9AD036803 /* Pods_MovieToWatch.framework in Frameworks */ = {isa = PBXBuildFile; fileRef = D32883DACBBAEC17A1C8FF03 /* Pods_MovieToWatch.framework */; };
		4B6B1E1D24162080000C5C3E /* Trending.swift in Sources */ = {isa = PBXBuildFile; fileRef = 4B6B1E1C24162080000C5C3E /* Trending.swift */; };
		4B6B1E1F241628E5000C5C3E /* TrendingQuery.swift in Sources */ = {isa = PBXBuildFile; fileRef = 4B6B1E1E241628E5000C5C3E /* TrendingQuery.swift */; };
		4B6B1E21241632EC000C5C3E /* URLSessionInterceptor.swift in Sources */ = {isa = PBXBuildFile; fileRef = 4B6B1E20241632EC000C5C3E /* URLSessionInterceptor.swift */; };
		4B6B1E23241676ED000C5C3E /* SearchResultsController.swift in Sources */ = {isa = PBXBuildFile; fileRef = 4B6B1E22241676ED000C5C3E /* SearchResultsController.swift */; };
		4B6B1E2524167A10000C5C3E /* MovieSearchResultCell.swift in Sources */ = {isa = PBXBuildFile; fileRef = 4B6B1E2424167A10000C5C3E /* MovieSearchResultCell.swift */; };
		4B6B1E2724167A32000C5C3E /* BaseSearchResultCell.swift in Sources */ = {isa = PBXBuildFile; fileRef = 4B6B1E2624167A32000C5C3E /* BaseSearchResultCell.swift */; };
		4B6B1E2924167B03000C5C3E /* DateParser.swift in Sources */ = {isa = PBXBuildFile; fileRef = 4B6B1E2824167B03000C5C3E /* DateParser.swift */; };
		4B6BA7302417563E00B38842 /* PersonSearchResultCell.swift in Sources */ = {isa = PBXBuildFile; fileRef = 4B6BA72F2417563E00B38842 /* PersonSearchResultCell.swift */; };
		4B6BA7372417A1A200B38842 /* TvSearchResultCell.swift in Sources */ = {isa = PBXBuildFile; fileRef = 4B6BA7362417A1A200B38842 /* TvSearchResultCell.swift */; };
		4B7046F12413955C0036388B /* Upcoming.swift in Sources */ = {isa = PBXBuildFile; fileRef = 4B7046F02413955C0036388B /* Upcoming.swift */; };
		4B7046F3241398050036388B /* UpComingQuery.swift in Sources */ = {isa = PBXBuildFile; fileRef = 4B7046F2241398050036388B /* UpComingQuery.swift */; };
		4B7046F524139C460036388B /* BaseMovieResult.swift in Sources */ = {isa = PBXBuildFile; fileRef = 4B7046F424139C460036388B /* BaseMovieResult.swift */; };
		4B7046F72413A2EC0036388B /* Popular.swift in Sources */ = {isa = PBXBuildFile; fileRef = 4B7046F62413A2EC0036388B /* Popular.swift */; };
		4B7046F92413A3870036388B /* PopularQuery.swift in Sources */ = {isa = PBXBuildFile; fileRef = 4B7046F82413A3870036388B /* PopularQuery.swift */; };
		4B87B6FD241427EA00DAA0FF /* IndividualMovieCell.swift in Sources */ = {isa = PBXBuildFile; fileRef = 4B87B6FC241427EA00DAA0FF /* IndividualMovieCell.swift */; };
		4B87B70024150D2100DAA0FF /* MovieCollectionController.swift in Sources */ = {isa = PBXBuildFile; fileRef = 4B87B6FF24150D2000DAA0FF /* MovieCollectionController.swift */; };
		4B87B70224150F7C00DAA0FF /* BaseCollectionViewController.swift in Sources */ = {isa = PBXBuildFile; fileRef = 4B87B70124150F7C00DAA0FF /* BaseCollectionViewController.swift */; };
		4B87B70424153BEA00DAA0FF /* MultiSearch.swift in Sources */ = {isa = PBXBuildFile; fileRef = 4B87B70324153BE900DAA0FF /* MultiSearch.swift */; };
		4B87B70624154BCC00DAA0FF /* MultiSearchQuery.swift in Sources */ = {isa = PBXBuildFile; fileRef = 4B87B70524154BCC00DAA0FF /* MultiSearchQuery.swift */; };
		8D0A2F2C23BF05B5000F0519 /* MovieReviewView.swift in Sources */ = {isa = PBXBuildFile; fileRef = 8D0A2F2B23BF05B5000F0519 /* MovieReviewView.swift */; };
		8D1161722419480300B67F07 /* BaseTrendingCell.swift in Sources */ = {isa = PBXBuildFile; fileRef = 8D1161712419480300B67F07 /* BaseTrendingCell.swift */; };
		8D11617424194C8300B67F07 /* TrendingController.swift in Sources */ = {isa = PBXBuildFile; fileRef = 8D11617324194C8300B67F07 /* TrendingController.swift */; };
		8D11617924194DFF00B67F07 /* TrendingPersonCell.swift in Sources */ = {isa = PBXBuildFile; fileRef = 8D11617824194DFF00B67F07 /* TrendingPersonCell.swift */; };
		8D11617B2419527500B67F07 /* BaseTrendingSectionCell.swift in Sources */ = {isa = PBXBuildFile; fileRef = 8D11617A2419527500B67F07 /* BaseTrendingSectionCell.swift */; };
		8D11617F241954F400B67F07 /* PersonTrendingSectionCell.swift in Sources */ = {isa = PBXBuildFile; fileRef = 8D11617E241954F400B67F07 /* PersonTrendingSectionCell.swift */; };
		8D12BE5023A699CE006C72B4 /* AppDelegate.swift in Sources */ = {isa = PBXBuildFile; fileRef = 8D12BE4F23A699CE006C72B4 /* AppDelegate.swift */; };
		8D12BE5223A699CE006C72B4 /* SceneDelegate.swift in Sources */ = {isa = PBXBuildFile; fileRef = 8D12BE5123A699CE006C72B4 /* SceneDelegate.swift */; };
		8D12BE5723A699CE006C72B4 /* Main.storyboard in Resources */ = {isa = PBXBuildFile; fileRef = 8D12BE5523A699CE006C72B4 /* Main.storyboard */; };
		8D12BE5923A699CF006C72B4 /* Assets.xcassets in Resources */ = {isa = PBXBuildFile; fileRef = 8D12BE5823A699CF006C72B4 /* Assets.xcassets */; };
		8D12BE5C23A699CF006C72B4 /* LaunchScreen.storyboard in Resources */ = {isa = PBXBuildFile; fileRef = 8D12BE5A23A699CF006C72B4 /* LaunchScreen.storyboard */; };
		8D12BE6623A6A2B4006C72B4 /* DiscoverMovie.swift in Sources */ = {isa = PBXBuildFile; fileRef = 8D12BE6523A6A2B4006C72B4 /* DiscoverMovie.swift */; };
		8D12BE6823A74491006C72B4 /* CardCell.swift in Sources */ = {isa = PBXBuildFile; fileRef = 8D12BE6723A74491006C72B4 /* CardCell.swift */; };
		8D12BE6C23A79C4B006C72B4 /* APIConfiguration.swift in Sources */ = {isa = PBXBuildFile; fileRef = 8D12BE6B23A79C4B006C72B4 /* APIConfiguration.swift */; };
		8D1849DB23FF5C1700BF6666 /* Poster.swift in Sources */ = {isa = PBXBuildFile; fileRef = 8D1849DA23FF5C1700BF6666 /* Poster.swift */; };
		8D1849DD23FF64A600BF6666 /* ImagesCell.swift in Sources */ = {isa = PBXBuildFile; fileRef = 8D1849DC23FF64A600BF6666 /* ImagesCell.swift */; };
		8D1849E023FF732A00BF6666 /* Trailer.swift in Sources */ = {isa = PBXBuildFile; fileRef = 8D1849DF23FF732A00BF6666 /* Trailer.swift */; };
		8D1849E223FF78F200BF6666 /* VideosCell.swift in Sources */ = {isa = PBXBuildFile; fileRef = 8D1849E123FF78F200BF6666 /* VideosCell.swift */; };
		8D1849E423FF8C1800BF6666 /* MovieHeader.swift in Sources */ = {isa = PBXBuildFile; fileRef = 8D1849E323FF8C1800BF6666 /* MovieHeader.swift */; };
		8D1AC5862405526200CDDF41 /* GenreController.swift in Sources */ = {isa = PBXBuildFile; fileRef = 8D1AC5852405526200CDDF41 /* GenreController.swift */; };
		8D1AC588240557CB00CDDF41 /* GenreCell.swift in Sources */ = {isa = PBXBuildFile; fileRef = 8D1AC587240557CB00CDDF41 /* GenreCell.swift */; };
		8D1C6F73241EED1F007C1995 /* PersonIntroMovieCell.swift in Sources */ = {isa = PBXBuildFile; fileRef = 8D1C6F72241EED1F007C1995 /* PersonIntroMovieCell.swift */; };
		8D1C6F75241EF421007C1995 /* PersonContainerController.swift in Sources */ = {isa = PBXBuildFile; fileRef = 8D1C6F74241EF421007C1995 /* PersonContainerController.swift */; };
		8D400AE723B30A08006555D3 /* ImageCacheMO+CoreDataClass.swift in Sources */ = {isa = PBXBuildFile; fileRef = 8D400AE523B30A08006555D3 /* ImageCacheMO+CoreDataClass.swift */; };
		8D400AE823B30A08006555D3 /* ImageCacheMO+CoreDataProperties.swift in Sources */ = {isa = PBXBuildFile; fileRef = 8D400AE623B30A08006555D3 /* ImageCacheMO+CoreDataProperties.swift */; };
		8D400AEA23B33388006555D3 /* TestViewController.swift in Sources */ = {isa = PBXBuildFile; fileRef = 8D400AE923B33388006555D3 /* TestViewController.swift */; };
		8D400AEC23B34911006555D3 /* MainTabBarController.swift in Sources */ = {isa = PBXBuildFile; fileRef = 8D400AEB23B34911006555D3 /* MainTabBarController.swift */; };
		8D400AEF23B36A56006555D3 /* MovieSearchViewController.swift in Sources */ = {isa = PBXBuildFile; fileRef = 8D400AEE23B36A56006555D3 /* MovieSearchViewController.swift */; };
		8D4CFE9723B0EE4F00985287 /* CoreDataManager.swift in Sources */ = {isa = PBXBuildFile; fileRef = 8D4CFE9623B0EE4F00985287 /* CoreDataManager.swift */; };
		8D4E16F9241B721200D8D3F4 /* PersonDetailViewController.swift in Sources */ = {isa = PBXBuildFile; fileRef = 8D4E16F8241B721200D8D3F4 /* PersonDetailViewController.swift */; };
		8D4E16FB241B751100D8D3F4 /* PersonDetail.swift in Sources */ = {isa = PBXBuildFile; fileRef = 8D4E16FA241B751100D8D3F4 /* PersonDetail.swift */; };
		8D4E16FD241B79DF00D8D3F4 /* PersonDetailQuery.swift in Sources */ = {isa = PBXBuildFile; fileRef = 8D4E16FC241B79DF00D8D3F4 /* PersonDetailQuery.swift */; };
		8D4E16FF241C8B5700D8D3F4 /* PersonIntroController.swift in Sources */ = {isa = PBXBuildFile; fileRef = 8D4E16FE241C8B5700D8D3F4 /* PersonIntroController.swift */; };
		8D58CC4823FE307200819C94 /* VerticalStackView.swift in Sources */ = {isa = PBXBuildFile; fileRef = 8D58CC4523FE307200819C94 /* VerticalStackView.swift */; };
		8D58CC4923FE307200819C94 /* UIView+Layout.swift in Sources */ = {isa = PBXBuildFile; fileRef = 8D58CC4623FE307200819C94 /* UIView+Layout.swift */; };
		8D58CC4A23FE307200819C94 /* Extensions.swift in Sources */ = {isa = PBXBuildFile; fileRef = 8D58CC4723FE307200819C94 /* Extensions.swift */; };
		8D58CC5223FE57F100819C94 /* MovieDetailViewController.swift in Sources */ = {isa = PBXBuildFile; fileRef = 8D58CC5123FE57F100819C94 /* MovieDetailViewController.swift */; };
		8D58CC5423FE589F00819C94 /* MovieDetailSectionBaseCell.swift in Sources */ = {isa = PBXBuildFile; fileRef = 8D58CC5323FE589F00819C94 /* MovieDetailSectionBaseCell.swift */; };
		8D58CC5723FE715D00819C94 /* Credits.swift in Sources */ = {isa = PBXBuildFile; fileRef = 8D58CC5623FE715D00819C94 /* Credits.swift */; };
		8D58CC5923FE7E6900819C94 /* CastCell.swift in Sources */ = {isa = PBXBuildFile; fileRef = 8D58CC5823FE7E6900819C94 /* CastCell.swift */; };
		8D62E5EA242F73AD006EC8D7 /* PersonDetailBaseSectionCell.swift in Sources */ = {isa = PBXBuildFile; fileRef = 8D62E5E9242F73AD006EC8D7 /* PersonDetailBaseSectionCell.swift */; };
		8D62E5EC242F7415006EC8D7 /* PersonBiographySectionCell.swift in Sources */ = {isa = PBXBuildFile; fileRef = 8D62E5EB242F7415006EC8D7 /* PersonBiographySectionCell.swift */; };
		8D62E5EE242F74E5006EC8D7 /* PersonDobSectionCell.swift in Sources */ = {isa = PBXBuildFile; fileRef = 8D62E5ED242F74E5006EC8D7 /* PersonDobSectionCell.swift */; };
		8D62E5F0242F7F46006EC8D7 /* PersonAlsoKnownAsCell.swift in Sources */ = {isa = PBXBuildFile; fileRef = 8D62E5EF242F7F46006EC8D7 /* PersonAlsoKnownAsCell.swift */; };
		8D62E62224307648006EC8D7 /* NewYorkExtraLarge-Black.otf in Resources */ = {isa = PBXBuildFile; fileRef = 8D62E5FC243075FC006EC8D7 /* NewYorkExtraLarge-Black.otf */; };
		8D62E62324307648006EC8D7 /* NewYorkExtraLarge-BlackItalic.otf in Resources */ = {isa = PBXBuildFile; fileRef = 8D62E607243075FE006EC8D7 /* NewYorkExtraLarge-BlackItalic.otf */; };
		8D62E62424307648006EC8D7 /* NewYorkExtraLarge-Bold.otf in Resources */ = {isa = PBXBuildFile; fileRef = 8D62E603243075FD006EC8D7 /* NewYorkExtraLarge-Bold.otf */; };
		8D62E62524307648006EC8D7 /* NewYorkExtraLarge-BoldItalic.otf in Resources */ = {isa = PBXBuildFile; fileRef = 8D62E60D243075FE006EC8D7 /* NewYorkExtraLarge-BoldItalic.otf */; };
		8D62E62624307648006EC8D7 /* NewYorkExtraLarge-Heavy.otf in Resources */ = {isa = PBXBuildFile; fileRef = 8D62E611243075FF006EC8D7 /* NewYorkExtraLarge-Heavy.otf */; };
		8D62E62724307648006EC8D7 /* NewYorkExtraLarge-HeavyItalic.otf in Resources */ = {isa = PBXBuildFile; fileRef = 8D62E61B24307600006EC8D7 /* NewYorkExtraLarge-HeavyItalic.otf */; };
		8D62E62824307648006EC8D7 /* NewYorkExtraLarge-Medium.otf in Resources */ = {isa = PBXBuildFile; fileRef = 8D62E61924307600006EC8D7 /* NewYorkExtraLarge-Medium.otf */; };
		8D62E62924307648006EC8D7 /* NewYorkExtraLarge-MediumItalic.otf in Resources */ = {isa = PBXBuildFile; fileRef = 8D62E5FD243075FC006EC8D7 /* NewYorkExtraLarge-MediumItalic.otf */; };
		8D62E62A24307648006EC8D7 /* NewYorkExtraLarge-Regular.otf in Resources */ = {isa = PBXBuildFile; fileRef = 8D62E60F243075FF006EC8D7 /* NewYorkExtraLarge-Regular.otf */; };
		8D62E62B24307648006EC8D7 /* NewYorkExtraLarge-RegularItalic.otf in Resources */ = {isa = PBXBuildFile; fileRef = 8D62E5F8243075FC006EC8D7 /* NewYorkExtraLarge-RegularItalic.otf */; };
		8D62E62C24307648006EC8D7 /* NewYorkExtraLarge-Semibold.otf in Resources */ = {isa = PBXBuildFile; fileRef = 8D62E5F4243075FC006EC8D7 /* NewYorkExtraLarge-Semibold.otf */; };
		8D62E62D24307648006EC8D7 /* NewYorkExtraLarge-SemiboldItalic.otf in Resources */ = {isa = PBXBuildFile; fileRef = 8D62E612243075FF006EC8D7 /* NewYorkExtraLarge-SemiboldItalic.otf */; };
		8D62E62E24307648006EC8D7 /* NewYorkLarge-Black.otf in Resources */ = {isa = PBXBuildFile; fileRef = 8D62E615243075FF006EC8D7 /* NewYorkLarge-Black.otf */; };
		8D62E62F24307648006EC8D7 /* NewYorkLarge-BlackItalic.otf in Resources */ = {isa = PBXBuildFile; fileRef = 8D62E606243075FE006EC8D7 /* NewYorkLarge-BlackItalic.otf */; };
		8D62E63024307648006EC8D7 /* NewYorkLarge-Bold.otf in Resources */ = {isa = PBXBuildFile; fileRef = 8D62E5FF243075FD006EC8D7 /* NewYorkLarge-Bold.otf */; };
		8D62E63124307648006EC8D7 /* NewYorkLarge-BoldItalic.otf in Resources */ = {isa = PBXBuildFile; fileRef = 8D62E61824307600006EC8D7 /* NewYorkLarge-BoldItalic.otf */; };
		8D62E63224307648006EC8D7 /* NewYorkLarge-Heavy.otf in Resources */ = {isa = PBXBuildFile; fileRef = 8D62E605243075FD006EC8D7 /* NewYorkLarge-Heavy.otf */; };
		8D62E63324307648006EC8D7 /* NewYorkLarge-HeavyItalic.otf in Resources */ = {isa = PBXBuildFile; fileRef = 8D62E602243075FD006EC8D7 /* NewYorkLarge-HeavyItalic.otf */; };
		8D62E63424307648006EC8D7 /* NewYorkLarge-Medium.otf in Resources */ = {isa = PBXBuildFile; fileRef = 8D62E5F5243075FC006EC8D7 /* NewYorkLarge-Medium.otf */; };
		8D62E63524307648006EC8D7 /* NewYorkLarge-MediumItalic.otf in Resources */ = {isa = PBXBuildFile; fileRef = 8D62E616243075FF006EC8D7 /* NewYorkLarge-MediumItalic.otf */; };
		8D62E63624307648006EC8D7 /* NewYorkLarge-Regular.otf in Resources */ = {isa = PBXBuildFile; fileRef = 8D62E613243075FF006EC8D7 /* NewYorkLarge-Regular.otf */; };
		8D62E63724307648006EC8D7 /* NewYorkLarge-RegularItalic.otf in Resources */ = {isa = PBXBuildFile; fileRef = 8D62E5F9243075FC006EC8D7 /* NewYorkLarge-RegularItalic.otf */; };
		8D62E63824307648006EC8D7 /* NewYorkLarge-Semibold.otf in Resources */ = {isa = PBXBuildFile; fileRef = 8D62E608243075FE006EC8D7 /* NewYorkLarge-Semibold.otf */; };
		8D62E63924307648006EC8D7 /* NewYorkLarge-SemiboldItalic.otf in Resources */ = {isa = PBXBuildFile; fileRef = 8D62E61724307600006EC8D7 /* NewYorkLarge-SemiboldItalic.otf */; };
		8D62E63A24307648006EC8D7 /* NewYorkMedium-Black.otf in Resources */ = {isa = PBXBuildFile; fileRef = 8D62E60E243075FF006EC8D7 /* NewYorkMedium-Black.otf */; };
		8D62E63B24307648006EC8D7 /* NewYorkMedium-BlackItalic.otf in Resources */ = {isa = PBXBuildFile; fileRef = 8D62E61C24307600006EC8D7 /* NewYorkMedium-BlackItalic.otf */; };
		8D62E63C24307648006EC8D7 /* NewYorkMedium-Bold.otf in Resources */ = {isa = PBXBuildFile; fileRef = 8D62E5FA243075FC006EC8D7 /* NewYorkMedium-Bold.otf */; };
		8D62E63D24307648006EC8D7 /* NewYorkMedium-BoldItalic.otf in Resources */ = {isa = PBXBuildFile; fileRef = 8D62E62024307601006EC8D7 /* NewYorkMedium-BoldItalic.otf */; };
		8D62E63E24307648006EC8D7 /* NewYorkMedium-Heavy.otf in Resources */ = {isa = PBXBuildFile; fileRef = 8D62E610243075FF006EC8D7 /* NewYorkMedium-Heavy.otf */; };
		8D62E63F24307648006EC8D7 /* NewYorkMedium-HeavyItalic.otf in Resources */ = {isa = PBXBuildFile; fileRef = 8D62E60C243075FE006EC8D7 /* NewYorkMedium-HeavyItalic.otf */; };
		8D62E64024307648006EC8D7 /* NewYorkMedium-Medium.otf in Resources */ = {isa = PBXBuildFile; fileRef = 8D62E62124307601006EC8D7 /* NewYorkMedium-Medium.otf */; };
		8D62E64124307648006EC8D7 /* NewYorkMedium-MediumItalic.otf in Resources */ = {isa = PBXBuildFile; fileRef = 8D62E600243075FD006EC8D7 /* NewYorkMedium-MediumItalic.otf */; };
		8D62E64224307648006EC8D7 /* NewYorkMedium-Regular.otf in Resources */ = {isa = PBXBuildFile; fileRef = 8D62E5F7243075FC006EC8D7 /* NewYorkMedium-Regular.otf */; };
		8D62E64324307648006EC8D7 /* NewYorkMedium-RegularItalic.otf in Resources */ = {isa = PBXBuildFile; fileRef = 8D62E5FE243075FD006EC8D7 /* NewYorkMedium-RegularItalic.otf */; };
		8D62E64424307648006EC8D7 /* NewYorkMedium-Semibold.otf in Resources */ = {isa = PBXBuildFile; fileRef = 8D62E5F3243075FC006EC8D7 /* NewYorkMedium-Semibold.otf */; };
		8D62E64524307648006EC8D7 /* NewYorkMedium-SemiboldItalic.otf in Resources */ = {isa = PBXBuildFile; fileRef = 8D62E604243075FD006EC8D7 /* NewYorkMedium-SemiboldItalic.otf */; };
		8D62E64624307648006EC8D7 /* NewYorkSmall-Black.otf in Resources */ = {isa = PBXBuildFile; fileRef = 8D62E609243075FE006EC8D7 /* NewYorkSmall-Black.otf */; };
		8D62E64724307648006EC8D7 /* NewYorkSmall-BlackItalic.otf in Resources */ = {isa = PBXBuildFile; fileRef = 8D62E5F2243075FB006EC8D7 /* NewYorkSmall-BlackItalic.otf */; };
		8D62E64824307648006EC8D7 /* NewYorkSmall-Bold.otf in Resources */ = {isa = PBXBuildFile; fileRef = 8D62E60A243075FE006EC8D7 /* NewYorkSmall-Bold.otf */; };
		8D62E64924307648006EC8D7 /* NewYorkSmall-BoldItalic.otf in Resources */ = {isa = PBXBuildFile; fileRef = 8D62E601243075FD006EC8D7 /* NewYorkSmall-BoldItalic.otf */; };
		8D62E64A24307648006EC8D7 /* NewYorkSmall-Heavy.otf in Resources */ = {isa = PBXBuildFile; fileRef = 8D62E5F6243075FC006EC8D7 /* NewYorkSmall-Heavy.otf */; };
		8D62E64B24307648006EC8D7 /* NewYorkSmall-HeavyItalic.otf in Resources */ = {isa = PBXBuildFile; fileRef = 8D62E5FB243075FC006EC8D7 /* NewYorkSmall-HeavyItalic.otf */; };
		8D62E64C24307648006EC8D7 /* NewYorkSmall-Medium.otf in Resources */ = {isa = PBXBuildFile; fileRef = 8D62E614243075FF006EC8D7 /* NewYorkSmall-Medium.otf */; };
		8D62E64D24307648006EC8D7 /* NewYorkSmall-MediumItalic.otf in Resources */ = {isa = PBXBuildFile; fileRef = 8D62E61D24307600006EC8D7 /* NewYorkSmall-MediumItalic.otf */; };
		8D62E64E24307648006EC8D7 /* NewYorkSmall-Regular.otf in Resources */ = {isa = PBXBuildFile; fileRef = 8D62E60B243075FE006EC8D7 /* NewYorkSmall-Regular.otf */; };
		8D62E64F24307648006EC8D7 /* NewYorkSmall-RegularItalic.otf in Resources */ = {isa = PBXBuildFile; fileRef = 8D62E61E24307601006EC8D7 /* NewYorkSmall-RegularItalic.otf */; };
		8D62E65024307648006EC8D7 /* NewYorkSmall-Semibold.otf in Resources */ = {isa = PBXBuildFile; fileRef = 8D62E61A24307600006EC8D7 /* NewYorkSmall-Semibold.otf */; };
		8D62E65124307648006EC8D7 /* NewYorkSmall-SemiboldItalic.otf in Resources */ = {isa = PBXBuildFile; fileRef = 8D62E61F24307601006EC8D7 /* NewYorkSmall-SemiboldItalic.otf */; };
		8D63680423B470AF009CD78C /* MovieSearchQuery.swift in Sources */ = {isa = PBXBuildFile; fileRef = 8D63680323B470AF009CD78C /* MovieSearchQuery.swift */; };
		8D63680723B4DADC009CD78C /* MovieSearchResultsTableViewCell.swift in Sources */ = {isa = PBXBuildFile; fileRef = 8D63680623B4DADC009CD78C /* MovieSearchResultsTableViewCell.swift */; };
		8D76955A23BC9B3B003A255C /* MovieImagesView.swift in Sources */ = {isa = PBXBuildFile; fileRef = 8D76955923BC9B3B003A255C /* MovieImagesView.swift */; };
		8D76955C23BCF1FC003A255C /* MovieVideosView.swift in Sources */ = {isa = PBXBuildFile; fileRef = 8D76955B23BCF1FC003A255C /* MovieVideosView.swift */; };
		8D821D7023A8E96E0097F089 /* DetailMovieViewController.swift in Sources */ = {isa = PBXBuildFile; fileRef = 8D821D6F23A8E96E0097F089 /* DetailMovieViewController.swift */; };
		8D821D7223A8EE7A0097F089 /* CardAnimator.swift in Sources */ = {isa = PBXBuildFile; fileRef = 8D821D7123A8EE7A0097F089 /* CardAnimator.swift */; };
		8D97C6262436668C00C5EBDC /* PersonCreditCell.swift in Sources */ = {isa = PBXBuildFile; fileRef = 8D97C6252436668C00C5EBDC /* PersonCreditCell.swift */; };
		8DA1A05623B5BDF900B28167 /* CreditsView.swift in Sources */ = {isa = PBXBuildFile; fileRef = 8DA1A05523B5BDF900B28167 /* CreditsView.swift */; };
		8DA5DABF23B13DFC00895DEF /* DataModel.xcdatamodeld in Sources */ = {isa = PBXBuildFile; fileRef = 8DA5DABD23B13DFC00895DEF /* DataModel.xcdatamodeld */; };
		8DA5DB4C23B24E0200895DEF /* MovieDetail.swift in Sources */ = {isa = PBXBuildFile; fileRef = 8DA5DB4B23B24E0200895DEF /* MovieDetail.swift */; };
		8DA5DB6723B260D900895DEF /* MovieMO+CoreDataClass.swift in Sources */ = {isa = PBXBuildFile; fileRef = 8DA5DB6523B260D900895DEF /* MovieMO+CoreDataClass.swift */; };
		8DA5DB6823B260D900895DEF /* MovieMO+CoreDataProperties.swift in Sources */ = {isa = PBXBuildFile; fileRef = 8DA5DB6623B260D900895DEF /* MovieMO+CoreDataProperties.swift */; };
		8DAA63F323D1DB52002CEFF1 /* MovieCategoryCellCollectionViewCell.swift in Sources */ = {isa = PBXBuildFile; fileRef = 8DAA63F223D1DB52002CEFF1 /* MovieCategoryCellCollectionViewCell.swift */; };
		8DAA63F723D4567E002CEFF1 /* TopRated.swift in Sources */ = {isa = PBXBuildFile; fileRef = 8DAA63F623D4567E002CEFF1 /* TopRated.swift */; };
		8DAA63F923D457E4002CEFF1 /* TopRatedQuery.swift in Sources */ = {isa = PBXBuildFile; fileRef = 8DAA63F823D457E4002CEFF1 /* TopRatedQuery.swift */; };
		8DAC28EC2419B053002127AA /* MovieTrendingSectionCell.swift in Sources */ = {isa = PBXBuildFile; fileRef = 8DAC28EB2419B053002127AA /* MovieTrendingSectionCell.swift */; };
		8DAC28EE2419B10C002127AA /* TrendingMovieCell.swift in Sources */ = {isa = PBXBuildFile; fileRef = 8DAC28ED2419B10C002127AA /* TrendingMovieCell.swift */; };
		8DAC28F12419F1A3002127AA /* TrendingSectionHeaderCell.swift in Sources */ = {isa = PBXBuildFile; fileRef = 8DAC28F02419F1A3002127AA /* TrendingSectionHeaderCell.swift */; };
		8DAEF42023B9B627008AE0EA /* BaseButton.swift in Sources */ = {isa = PBXBuildFile; fileRef = 8DAEF41F23B9B627008AE0EA /* BaseButton.swift */; };
		8DAEF42223B9C872008AE0EA /* AllCrewViewController.swift in Sources */ = {isa = PBXBuildFile; fileRef = 8DAEF42123B9C872008AE0EA /* AllCrewViewController.swift */; };
		8DB0E60E23AA92CF00AAB29E /* Cache.swift in Sources */ = {isa = PBXBuildFile; fileRef = 8DB0E60D23AA92CF00AAB29E /* Cache.swift */; };
		8DB21152240105F300946AD2 /* Movie Reviews.swift in Sources */ = {isa = PBXBuildFile; fileRef = 8DB21151240105F300946AD2 /* Movie Reviews.swift */; };
		8DB2115424010A6F00946AD2 /* ReviewCell.swift in Sources */ = {isa = PBXBuildFile; fileRef = 8DB2115324010A6F00946AD2 /* ReviewCell.swift */; };
		8DB2115624010C4000946AD2 /* BetterSnappingLayout.swift in Sources */ = {isa = PBXBuildFile; fileRef = 8DB2115524010C4000946AD2 /* BetterSnappingLayout.swift */; };
		8DB298D72403C45000DE7195 /* OverviewSectionCell.swift in Sources */ = {isa = PBXBuildFile; fileRef = 8DB298D62403C45000DE7195 /* OverviewSectionCell.swift */; };
		8DB298DA2403CB9300DE7195 /* BasicInfoSectionCell.swift in Sources */ = {isa = PBXBuildFile; fileRef = 8DB298D92403CB9300DE7195 /* BasicInfoSectionCell.swift */; };
		8DB9468C23ACAB5300AFD13C /* Constants.swift in Sources */ = {isa = PBXBuildFile; fileRef = 8DB9468B23ACAB5300AFD13C /* Constants.swift */; };
		8DB9468E23ACBD7800AFD13C /* Network.swift in Sources */ = {isa = PBXBuildFile; fileRef = 8DB9468D23ACBD7800AFD13C /* Network.swift */; };
		8DB9469323AD139A00AFD13C /* ShortMovieInfoView.swift in Sources */ = {isa = PBXBuildFile; fileRef = 8DB9469223AD139A00AFD13C /* ShortMovieInfoView.swift */; };
		8DBC156D23C4E6B000547C57 /* DiscoverMovieQuery.swift in Sources */ = {isa = PBXBuildFile; fileRef = 8DBC156C23C4E6B000547C57 /* DiscoverMovieQuery.swift */; };
		8DBC156F23C4E6D300547C57 /* MovieDetailQuery.swift in Sources */ = {isa = PBXBuildFile; fileRef = 8DBC156E23C4E6D300547C57 /* MovieDetailQuery.swift */; };
		8DBC157123C4EAEE00547C57 /* NowPlaying.swift in Sources */ = {isa = PBXBuildFile; fileRef = 8DBC157023C4EAEE00547C57 /* NowPlaying.swift */; };
		8DBC157323C4EC1300547C57 /* NowPlayingQuery.swift in Sources */ = {isa = PBXBuildFile; fileRef = 8DBC157223C4EC1300547C57 /* NowPlayingQuery.swift */; };
		8DBC157623C4EEF100547C57 /* MainMovieViewController.swift in Sources */ = {isa = PBXBuildFile; fileRef = 8DBC157523C4EEF100547C57 /* MainMovieViewController.swift */; };
		8DC0096124321641001A918F /* BaseNavItemController.swift in Sources */ = {isa = PBXBuildFile; fileRef = 8DC0096024321641001A918F /* BaseNavItemController.swift */; };
		8DE4DC4A23B458860015445E /* MovieSearchResults.swift in Sources */ = {isa = PBXBuildFile; fileRef = 8DE4DC4923B458860015445E /* MovieSearchResults.swift */; };
/* End PBXBuildFile section */

/* Begin PBXFileReference section */
		4B6B1E1C24162080000C5C3E /* Trending.swift */ = {isa = PBXFileReference; lastKnownFileType = sourcecode.swift; path = Trending.swift; sourceTree = "<group>"; };
		4B6B1E1E241628E5000C5C3E /* TrendingQuery.swift */ = {isa = PBXFileReference; lastKnownFileType = sourcecode.swift; path = TrendingQuery.swift; sourceTree = "<group>"; };
		4B6B1E20241632EC000C5C3E /* URLSessionInterceptor.swift */ = {isa = PBXFileReference; lastKnownFileType = sourcecode.swift; path = URLSessionInterceptor.swift; sourceTree = "<group>"; };
		4B6B1E22241676ED000C5C3E /* SearchResultsController.swift */ = {isa = PBXFileReference; lastKnownFileType = sourcecode.swift; path = SearchResultsController.swift; sourceTree = "<group>"; };
		4B6B1E2424167A10000C5C3E /* MovieSearchResultCell.swift */ = {isa = PBXFileReference; lastKnownFileType = sourcecode.swift; path = MovieSearchResultCell.swift; sourceTree = "<group>"; };
		4B6B1E2624167A32000C5C3E /* BaseSearchResultCell.swift */ = {isa = PBXFileReference; lastKnownFileType = sourcecode.swift; path = BaseSearchResultCell.swift; sourceTree = "<group>"; };
		4B6B1E2824167B03000C5C3E /* DateParser.swift */ = {isa = PBXFileReference; lastKnownFileType = sourcecode.swift; path = DateParser.swift; sourceTree = "<group>"; };
		4B6BA72F2417563E00B38842 /* PersonSearchResultCell.swift */ = {isa = PBXFileReference; lastKnownFileType = sourcecode.swift; path = PersonSearchResultCell.swift; sourceTree = "<group>"; };
		4B6BA7362417A1A200B38842 /* TvSearchResultCell.swift */ = {isa = PBXFileReference; lastKnownFileType = sourcecode.swift; path = TvSearchResultCell.swift; sourceTree = "<group>"; };
		4B7046F02413955C0036388B /* Upcoming.swift */ = {isa = PBXFileReference; lastKnownFileType = sourcecode.swift; path = Upcoming.swift; sourceTree = "<group>"; };
		4B7046F2241398050036388B /* UpComingQuery.swift */ = {isa = PBXFileReference; lastKnownFileType = sourcecode.swift; path = UpComingQuery.swift; sourceTree = "<group>"; };
		4B7046F424139C460036388B /* BaseMovieResult.swift */ = {isa = PBXFileReference; lastKnownFileType = sourcecode.swift; path = BaseMovieResult.swift; sourceTree = "<group>"; };
		4B7046F62413A2EC0036388B /* Popular.swift */ = {isa = PBXFileReference; lastKnownFileType = sourcecode.swift; path = Popular.swift; sourceTree = "<group>"; };
		4B7046F82413A3870036388B /* PopularQuery.swift */ = {isa = PBXFileReference; lastKnownFileType = sourcecode.swift; path = PopularQuery.swift; sourceTree = "<group>"; };
		4B87B6FC241427EA00DAA0FF /* IndividualMovieCell.swift */ = {isa = PBXFileReference; lastKnownFileType = sourcecode.swift; path = IndividualMovieCell.swift; sourceTree = "<group>"; };
		4B87B6FF24150D2000DAA0FF /* MovieCollectionController.swift */ = {isa = PBXFileReference; lastKnownFileType = sourcecode.swift; path = MovieCollectionController.swift; sourceTree = "<group>"; };
		4B87B70124150F7C00DAA0FF /* BaseCollectionViewController.swift */ = {isa = PBXFileReference; lastKnownFileType = sourcecode.swift; path = BaseCollectionViewController.swift; sourceTree = "<group>"; };
		4B87B70324153BE900DAA0FF /* MultiSearch.swift */ = {isa = PBXFileReference; lastKnownFileType = sourcecode.swift; path = MultiSearch.swift; sourceTree = "<group>"; };
		4B87B70524154BCC00DAA0FF /* MultiSearchQuery.swift */ = {isa = PBXFileReference; lastKnownFileType = sourcecode.swift; path = MultiSearchQuery.swift; sourceTree = "<group>"; };
		8D0A2F2B23BF05B5000F0519 /* MovieReviewView.swift */ = {isa = PBXFileReference; lastKnownFileType = sourcecode.swift; path = MovieReviewView.swift; sourceTree = "<group>"; };
		8D1161712419480300B67F07 /* BaseTrendingCell.swift */ = {isa = PBXFileReference; lastKnownFileType = sourcecode.swift; path = BaseTrendingCell.swift; sourceTree = "<group>"; };
		8D11617324194C8300B67F07 /* TrendingController.swift */ = {isa = PBXFileReference; lastKnownFileType = sourcecode.swift; path = TrendingController.swift; sourceTree = "<group>"; };
		8D11617824194DFF00B67F07 /* TrendingPersonCell.swift */ = {isa = PBXFileReference; lastKnownFileType = sourcecode.swift; path = TrendingPersonCell.swift; sourceTree = "<group>"; };
		8D11617A2419527500B67F07 /* BaseTrendingSectionCell.swift */ = {isa = PBXFileReference; lastKnownFileType = sourcecode.swift; path = BaseTrendingSectionCell.swift; sourceTree = "<group>"; };
		8D11617E241954F400B67F07 /* PersonTrendingSectionCell.swift */ = {isa = PBXFileReference; lastKnownFileType = sourcecode.swift; path = PersonTrendingSectionCell.swift; sourceTree = "<group>"; };
		8D12BE4C23A699CE006C72B4 /* MovieToWatch.app */ = {isa = PBXFileReference; explicitFileType = wrapper.application; includeInIndex = 0; path = MovieToWatch.app; sourceTree = BUILT_PRODUCTS_DIR; };
		8D12BE4F23A699CE006C72B4 /* AppDelegate.swift */ = {isa = PBXFileReference; lastKnownFileType = sourcecode.swift; path = AppDelegate.swift; sourceTree = "<group>"; };
		8D12BE5123A699CE006C72B4 /* SceneDelegate.swift */ = {isa = PBXFileReference; lastKnownFileType = sourcecode.swift; path = SceneDelegate.swift; sourceTree = "<group>"; };
		8D12BE5623A699CE006C72B4 /* Base */ = {isa = PBXFileReference; lastKnownFileType = file.storyboard; name = Base; path = Base.lproj/Main.storyboard; sourceTree = "<group>"; };
		8D12BE5823A699CF006C72B4 /* Assets.xcassets */ = {isa = PBXFileReference; lastKnownFileType = folder.assetcatalog; path = Assets.xcassets; sourceTree = "<group>"; };
		8D12BE5B23A699CF006C72B4 /* Base */ = {isa = PBXFileReference; lastKnownFileType = file.storyboard; name = Base; path = Base.lproj/LaunchScreen.storyboard; sourceTree = "<group>"; };
		8D12BE5D23A699CF006C72B4 /* Info.plist */ = {isa = PBXFileReference; lastKnownFileType = text.plist.xml; path = Info.plist; sourceTree = "<group>"; };
		8D12BE6523A6A2B4006C72B4 /* DiscoverMovie.swift */ = {isa = PBXFileReference; lastKnownFileType = sourcecode.swift; path = DiscoverMovie.swift; sourceTree = "<group>"; };
		8D12BE6723A74491006C72B4 /* CardCell.swift */ = {isa = PBXFileReference; lastKnownFileType = sourcecode.swift; path = CardCell.swift; sourceTree = "<group>"; };
		8D12BE6B23A79C4B006C72B4 /* APIConfiguration.swift */ = {isa = PBXFileReference; lastKnownFileType = sourcecode.swift; path = APIConfiguration.swift; sourceTree = "<group>"; };
		8D1849DA23FF5C1700BF6666 /* Poster.swift */ = {isa = PBXFileReference; lastKnownFileType = sourcecode.swift; path = Poster.swift; sourceTree = "<group>"; };
		8D1849DC23FF64A600BF6666 /* ImagesCell.swift */ = {isa = PBXFileReference; lastKnownFileType = sourcecode.swift; path = ImagesCell.swift; sourceTree = "<group>"; };
		8D1849DF23FF732A00BF6666 /* Trailer.swift */ = {isa = PBXFileReference; lastKnownFileType = sourcecode.swift; path = Trailer.swift; sourceTree = "<group>"; };
		8D1849E123FF78F200BF6666 /* VideosCell.swift */ = {isa = PBXFileReference; lastKnownFileType = sourcecode.swift; path = VideosCell.swift; sourceTree = "<group>"; };
		8D1849E323FF8C1800BF6666 /* MovieHeader.swift */ = {isa = PBXFileReference; lastKnownFileType = sourcecode.swift; path = MovieHeader.swift; sourceTree = "<group>"; };
		8D1AC5852405526200CDDF41 /* GenreController.swift */ = {isa = PBXFileReference; lastKnownFileType = sourcecode.swift; path = GenreController.swift; sourceTree = "<group>"; };
		8D1AC587240557CB00CDDF41 /* GenreCell.swift */ = {isa = PBXFileReference; lastKnownFileType = sourcecode.swift; path = GenreCell.swift; sourceTree = "<group>"; };
		8D1C6F72241EED1F007C1995 /* PersonIntroMovieCell.swift */ = {isa = PBXFileReference; lastKnownFileType = sourcecode.swift; path = PersonIntroMovieCell.swift; sourceTree = "<group>"; };
		8D1C6F74241EF421007C1995 /* PersonContainerController.swift */ = {isa = PBXFileReference; lastKnownFileType = sourcecode.swift; path = PersonContainerController.swift; sourceTree = "<group>"; };
		8D400AE523B30A08006555D3 /* ImageCacheMO+CoreDataClass.swift */ = {isa = PBXFileReference; lastKnownFileType = sourcecode.swift; path = "ImageCacheMO+CoreDataClass.swift"; sourceTree = "<group>"; };
		8D400AE623B30A08006555D3 /* ImageCacheMO+CoreDataProperties.swift */ = {isa = PBXFileReference; lastKnownFileType = sourcecode.swift; path = "ImageCacheMO+CoreDataProperties.swift"; sourceTree = "<group>"; };
		8D400AE923B33388006555D3 /* TestViewController.swift */ = {isa = PBXFileReference; lastKnownFileType = sourcecode.swift; path = TestViewController.swift; sourceTree = "<group>"; };
		8D400AEB23B34911006555D3 /* MainTabBarController.swift */ = {isa = PBXFileReference; lastKnownFileType = sourcecode.swift; path = MainTabBarController.swift; sourceTree = "<group>"; };
		8D400AEE23B36A56006555D3 /* MovieSearchViewController.swift */ = {isa = PBXFileReference; lastKnownFileType = sourcecode.swift; path = MovieSearchViewController.swift; sourceTree = "<group>"; };
		8D4CFE9623B0EE4F00985287 /* CoreDataManager.swift */ = {isa = PBXFileReference; lastKnownFileType = sourcecode.swift; path = CoreDataManager.swift; sourceTree = "<group>"; };
		8D4E16F8241B721200D8D3F4 /* PersonDetailViewController.swift */ = {isa = PBXFileReference; lastKnownFileType = sourcecode.swift; path = PersonDetailViewController.swift; sourceTree = "<group>"; };
		8D4E16FA241B751100D8D3F4 /* PersonDetail.swift */ = {isa = PBXFileReference; lastKnownFileType = sourcecode.swift; path = PersonDetail.swift; sourceTree = "<group>"; };
		8D4E16FC241B79DF00D8D3F4 /* PersonDetailQuery.swift */ = {isa = PBXFileReference; lastKnownFileType = sourcecode.swift; path = PersonDetailQuery.swift; sourceTree = "<group>"; };
		8D4E16FE241C8B5700D8D3F4 /* PersonIntroController.swift */ = {isa = PBXFileReference; lastKnownFileType = sourcecode.swift; path = PersonIntroController.swift; sourceTree = "<group>"; };
		8D58CC4523FE307200819C94 /* VerticalStackView.swift */ = {isa = PBXFileReference; fileEncoding = 4; lastKnownFileType = sourcecode.swift; path = VerticalStackView.swift; sourceTree = "<group>"; };
		8D58CC4623FE307200819C94 /* UIView+Layout.swift */ = {isa = PBXFileReference; fileEncoding = 4; lastKnownFileType = sourcecode.swift; path = "UIView+Layout.swift"; sourceTree = "<group>"; };
		8D58CC4723FE307200819C94 /* Extensions.swift */ = {isa = PBXFileReference; fileEncoding = 4; lastKnownFileType = sourcecode.swift; path = Extensions.swift; sourceTree = "<group>"; };
		8D58CC5123FE57F100819C94 /* MovieDetailViewController.swift */ = {isa = PBXFileReference; lastKnownFileType = sourcecode.swift; path = MovieDetailViewController.swift; sourceTree = "<group>"; };
		8D58CC5323FE589F00819C94 /* MovieDetailSectionBaseCell.swift */ = {isa = PBXFileReference; lastKnownFileType = sourcecode.swift; path = MovieDetailSectionBaseCell.swift; sourceTree = "<group>"; };
		8D58CC5623FE715D00819C94 /* Credits.swift */ = {isa = PBXFileReference; lastKnownFileType = sourcecode.swift; path = Credits.swift; sourceTree = "<group>"; };
		8D58CC5823FE7E6900819C94 /* CastCell.swift */ = {isa = PBXFileReference; lastKnownFileType = sourcecode.swift; path = CastCell.swift; sourceTree = "<group>"; };
		8D62E5E9242F73AD006EC8D7 /* PersonDetailBaseSectionCell.swift */ = {isa = PBXFileReference; lastKnownFileType = sourcecode.swift; path = PersonDetailBaseSectionCell.swift; sourceTree = "<group>"; };
		8D62E5EB242F7415006EC8D7 /* PersonBiographySectionCell.swift */ = {isa = PBXFileReference; lastKnownFileType = sourcecode.swift; path = PersonBiographySectionCell.swift; sourceTree = "<group>"; };
		8D62E5ED242F74E5006EC8D7 /* PersonDobSectionCell.swift */ = {isa = PBXFileReference; lastKnownFileType = sourcecode.swift; path = PersonDobSectionCell.swift; sourceTree = "<group>"; };
		8D62E5EF242F7F46006EC8D7 /* PersonAlsoKnownAsCell.swift */ = {isa = PBXFileReference; lastKnownFileType = sourcecode.swift; path = PersonAlsoKnownAsCell.swift; sourceTree = "<group>"; };
		8D62E5F2243075FB006EC8D7 /* NewYorkSmall-BlackItalic.otf */ = {isa = PBXFileReference; lastKnownFileType = file; path = "NewYorkSmall-BlackItalic.otf"; sourceTree = "<group>"; };
		8D62E5F3243075FC006EC8D7 /* NewYorkMedium-Semibold.otf */ = {isa = PBXFileReference; lastKnownFileType = file; path = "NewYorkMedium-Semibold.otf"; sourceTree = "<group>"; };
		8D62E5F4243075FC006EC8D7 /* NewYorkExtraLarge-Semibold.otf */ = {isa = PBXFileReference; lastKnownFileType = file; path = "NewYorkExtraLarge-Semibold.otf"; sourceTree = "<group>"; };
		8D62E5F5243075FC006EC8D7 /* NewYorkLarge-Medium.otf */ = {isa = PBXFileReference; lastKnownFileType = file; path = "NewYorkLarge-Medium.otf"; sourceTree = "<group>"; };
		8D62E5F6243075FC006EC8D7 /* NewYorkSmall-Heavy.otf */ = {isa = PBXFileReference; lastKnownFileType = file; path = "NewYorkSmall-Heavy.otf"; sourceTree = "<group>"; };
		8D62E5F7243075FC006EC8D7 /* NewYorkMedium-Regular.otf */ = {isa = PBXFileReference; lastKnownFileType = file; path = "NewYorkMedium-Regular.otf"; sourceTree = "<group>"; };
		8D62E5F8243075FC006EC8D7 /* NewYorkExtraLarge-RegularItalic.otf */ = {isa = PBXFileReference; lastKnownFileType = file; path = "NewYorkExtraLarge-RegularItalic.otf"; sourceTree = "<group>"; };
		8D62E5F9243075FC006EC8D7 /* NewYorkLarge-RegularItalic.otf */ = {isa = PBXFileReference; lastKnownFileType = file; path = "NewYorkLarge-RegularItalic.otf"; sourceTree = "<group>"; };
		8D62E5FA243075FC006EC8D7 /* NewYorkMedium-Bold.otf */ = {isa = PBXFileReference; lastKnownFileType = file; path = "NewYorkMedium-Bold.otf"; sourceTree = "<group>"; };
		8D62E5FB243075FC006EC8D7 /* NewYorkSmall-HeavyItalic.otf */ = {isa = PBXFileReference; lastKnownFileType = file; path = "NewYorkSmall-HeavyItalic.otf"; sourceTree = "<group>"; };
		8D62E5FC243075FC006EC8D7 /* NewYorkExtraLarge-Black.otf */ = {isa = PBXFileReference; lastKnownFileType = file; path = "NewYorkExtraLarge-Black.otf"; sourceTree = "<group>"; };
		8D62E5FD243075FC006EC8D7 /* NewYorkExtraLarge-MediumItalic.otf */ = {isa = PBXFileReference; lastKnownFileType = file; path = "NewYorkExtraLarge-MediumItalic.otf"; sourceTree = "<group>"; };
		8D62E5FE243075FD006EC8D7 /* NewYorkMedium-RegularItalic.otf */ = {isa = PBXFileReference; lastKnownFileType = file; path = "NewYorkMedium-RegularItalic.otf"; sourceTree = "<group>"; };
		8D62E5FF243075FD006EC8D7 /* NewYorkLarge-Bold.otf */ = {isa = PBXFileReference; lastKnownFileType = file; path = "NewYorkLarge-Bold.otf"; sourceTree = "<group>"; };
		8D62E600243075FD006EC8D7 /* NewYorkMedium-MediumItalic.otf */ = {isa = PBXFileReference; lastKnownFileType = file; path = "NewYorkMedium-MediumItalic.otf"; sourceTree = "<group>"; };
		8D62E601243075FD006EC8D7 /* NewYorkSmall-BoldItalic.otf */ = {isa = PBXFileReference; lastKnownFileType = file; path = "NewYorkSmall-BoldItalic.otf"; sourceTree = "<group>"; };
		8D62E602243075FD006EC8D7 /* NewYorkLarge-HeavyItalic.otf */ = {isa = PBXFileReference; lastKnownFileType = file; path = "NewYorkLarge-HeavyItalic.otf"; sourceTree = "<group>"; };
		8D62E603243075FD006EC8D7 /* NewYorkExtraLarge-Bold.otf */ = {isa = PBXFileReference; lastKnownFileType = file; path = "NewYorkExtraLarge-Bold.otf"; sourceTree = "<group>"; };
		8D62E604243075FD006EC8D7 /* NewYorkMedium-SemiboldItalic.otf */ = {isa = PBXFileReference; lastKnownFileType = file; path = "NewYorkMedium-SemiboldItalic.otf"; sourceTree = "<group>"; };
		8D62E605243075FD006EC8D7 /* NewYorkLarge-Heavy.otf */ = {isa = PBXFileReference; lastKnownFileType = file; path = "NewYorkLarge-Heavy.otf"; sourceTree = "<group>"; };
		8D62E606243075FE006EC8D7 /* NewYorkLarge-BlackItalic.otf */ = {isa = PBXFileReference; lastKnownFileType = file; path = "NewYorkLarge-BlackItalic.otf"; sourceTree = "<group>"; };
		8D62E607243075FE006EC8D7 /* NewYorkExtraLarge-BlackItalic.otf */ = {isa = PBXFileReference; lastKnownFileType = file; path = "NewYorkExtraLarge-BlackItalic.otf"; sourceTree = "<group>"; };
		8D62E608243075FE006EC8D7 /* NewYorkLarge-Semibold.otf */ = {isa = PBXFileReference; lastKnownFileType = file; path = "NewYorkLarge-Semibold.otf"; sourceTree = "<group>"; };
		8D62E609243075FE006EC8D7 /* NewYorkSmall-Black.otf */ = {isa = PBXFileReference; lastKnownFileType = file; path = "NewYorkSmall-Black.otf"; sourceTree = "<group>"; };
		8D62E60A243075FE006EC8D7 /* NewYorkSmall-Bold.otf */ = {isa = PBXFileReference; lastKnownFileType = file; path = "NewYorkSmall-Bold.otf"; sourceTree = "<group>"; };
		8D62E60B243075FE006EC8D7 /* NewYorkSmall-Regular.otf */ = {isa = PBXFileReference; lastKnownFileType = file; path = "NewYorkSmall-Regular.otf"; sourceTree = "<group>"; };
		8D62E60C243075FE006EC8D7 /* NewYorkMedium-HeavyItalic.otf */ = {isa = PBXFileReference; lastKnownFileType = file; path = "NewYorkMedium-HeavyItalic.otf"; sourceTree = "<group>"; };
		8D62E60D243075FE006EC8D7 /* NewYorkExtraLarge-BoldItalic.otf */ = {isa = PBXFileReference; lastKnownFileType = file; path = "NewYorkExtraLarge-BoldItalic.otf"; sourceTree = "<group>"; };
		8D62E60E243075FF006EC8D7 /* NewYorkMedium-Black.otf */ = {isa = PBXFileReference; lastKnownFileType = file; path = "NewYorkMedium-Black.otf"; sourceTree = "<group>"; };
		8D62E60F243075FF006EC8D7 /* NewYorkExtraLarge-Regular.otf */ = {isa = PBXFileReference; lastKnownFileType = file; path = "NewYorkExtraLarge-Regular.otf"; sourceTree = "<group>"; };
		8D62E610243075FF006EC8D7 /* NewYorkMedium-Heavy.otf */ = {isa = PBXFileReference; lastKnownFileType = file; path = "NewYorkMedium-Heavy.otf"; sourceTree = "<group>"; };
		8D62E611243075FF006EC8D7 /* NewYorkExtraLarge-Heavy.otf */ = {isa = PBXFileReference; lastKnownFileType = file; path = "NewYorkExtraLarge-Heavy.otf"; sourceTree = "<group>"; };
		8D62E612243075FF006EC8D7 /* NewYorkExtraLarge-SemiboldItalic.otf */ = {isa = PBXFileReference; lastKnownFileType = file; path = "NewYorkExtraLarge-SemiboldItalic.otf"; sourceTree = "<group>"; };
		8D62E613243075FF006EC8D7 /* NewYorkLarge-Regular.otf */ = {isa = PBXFileReference; lastKnownFileType = file; path = "NewYorkLarge-Regular.otf"; sourceTree = "<group>"; };
		8D62E614243075FF006EC8D7 /* NewYorkSmall-Medium.otf */ = {isa = PBXFileReference; lastKnownFileType = file; path = "NewYorkSmall-Medium.otf"; sourceTree = "<group>"; };
		8D62E615243075FF006EC8D7 /* NewYorkLarge-Black.otf */ = {isa = PBXFileReference; lastKnownFileType = file; path = "NewYorkLarge-Black.otf"; sourceTree = "<group>"; };
		8D62E616243075FF006EC8D7 /* NewYorkLarge-MediumItalic.otf */ = {isa = PBXFileReference; lastKnownFileType = file; path = "NewYorkLarge-MediumItalic.otf"; sourceTree = "<group>"; };
		8D62E61724307600006EC8D7 /* NewYorkLarge-SemiboldItalic.otf */ = {isa = PBXFileReference; lastKnownFileType = file; path = "NewYorkLarge-SemiboldItalic.otf"; sourceTree = "<group>"; };
		8D62E61824307600006EC8D7 /* NewYorkLarge-BoldItalic.otf */ = {isa = PBXFileReference; lastKnownFileType = file; path = "NewYorkLarge-BoldItalic.otf"; sourceTree = "<group>"; };
		8D62E61924307600006EC8D7 /* NewYorkExtraLarge-Medium.otf */ = {isa = PBXFileReference; lastKnownFileType = file; path = "NewYorkExtraLarge-Medium.otf"; sourceTree = "<group>"; };
		8D62E61A24307600006EC8D7 /* NewYorkSmall-Semibold.otf */ = {isa = PBXFileReference; lastKnownFileType = file; path = "NewYorkSmall-Semibold.otf"; sourceTree = "<group>"; };
		8D62E61B24307600006EC8D7 /* NewYorkExtraLarge-HeavyItalic.otf */ = {isa = PBXFileReference; lastKnownFileType = file; path = "NewYorkExtraLarge-HeavyItalic.otf"; sourceTree = "<group>"; };
		8D62E61C24307600006EC8D7 /* NewYorkMedium-BlackItalic.otf */ = {isa = PBXFileReference; lastKnownFileType = file; path = "NewYorkMedium-BlackItalic.otf"; sourceTree = "<group>"; };
		8D62E61D24307600006EC8D7 /* NewYorkSmall-MediumItalic.otf */ = {isa = PBXFileReference; lastKnownFileType = file; path = "NewYorkSmall-MediumItalic.otf"; sourceTree = "<group>"; };
		8D62E61E24307601006EC8D7 /* NewYorkSmall-RegularItalic.otf */ = {isa = PBXFileReference; lastKnownFileType = file; path = "NewYorkSmall-RegularItalic.otf"; sourceTree = "<group>"; };
		8D62E61F24307601006EC8D7 /* NewYorkSmall-SemiboldItalic.otf */ = {isa = PBXFileReference; lastKnownFileType = file; path = "NewYorkSmall-SemiboldItalic.otf"; sourceTree = "<group>"; };
		8D62E62024307601006EC8D7 /* NewYorkMedium-BoldItalic.otf */ = {isa = PBXFileReference; lastKnownFileType = file; path = "NewYorkMedium-BoldItalic.otf"; sourceTree = "<group>"; };
		8D62E62124307601006EC8D7 /* NewYorkMedium-Medium.otf */ = {isa = PBXFileReference; lastKnownFileType = file; path = "NewYorkMedium-Medium.otf"; sourceTree = "<group>"; };
		8D63680323B470AF009CD78C /* MovieSearchQuery.swift */ = {isa = PBXFileReference; lastKnownFileType = sourcecode.swift; path = MovieSearchQuery.swift; sourceTree = "<group>"; };
		8D63680623B4DADC009CD78C /* MovieSearchResultsTableViewCell.swift */ = {isa = PBXFileReference; lastKnownFileType = sourcecode.swift; path = MovieSearchResultsTableViewCell.swift; sourceTree = "<group>"; };
		8D76955923BC9B3B003A255C /* MovieImagesView.swift */ = {isa = PBXFileReference; lastKnownFileType = sourcecode.swift; path = MovieImagesView.swift; sourceTree = "<group>"; };
		8D76955B23BCF1FC003A255C /* MovieVideosView.swift */ = {isa = PBXFileReference; lastKnownFileType = sourcecode.swift; path = MovieVideosView.swift; sourceTree = "<group>"; };
		8D821D6F23A8E96E0097F089 /* DetailMovieViewController.swift */ = {isa = PBXFileReference; lastKnownFileType = sourcecode.swift; path = DetailMovieViewController.swift; sourceTree = "<group>"; };
		8D821D7123A8EE7A0097F089 /* CardAnimator.swift */ = {isa = PBXFileReference; lastKnownFileType = sourcecode.swift; path = CardAnimator.swift; sourceTree = "<group>"; };
		8D97C6252436668C00C5EBDC /* PersonCreditCell.swift */ = {isa = PBXFileReference; lastKnownFileType = sourcecode.swift; path = PersonCreditCell.swift; sourceTree = "<group>"; };
		8DA1A05523B5BDF900B28167 /* CreditsView.swift */ = {isa = PBXFileReference; lastKnownFileType = sourcecode.swift; path = CreditsView.swift; sourceTree = "<group>"; };
		8DA5DABE23B13DFC00895DEF /* DataModel.xcdatamodel */ = {isa = PBXFileReference; lastKnownFileType = wrapper.xcdatamodel; path = DataModel.xcdatamodel; sourceTree = "<group>"; };
		8DA5DB4B23B24E0200895DEF /* MovieDetail.swift */ = {isa = PBXFileReference; lastKnownFileType = sourcecode.swift; path = MovieDetail.swift; sourceTree = "<group>"; };
		8DA5DB6523B260D900895DEF /* MovieMO+CoreDataClass.swift */ = {isa = PBXFileReference; lastKnownFileType = sourcecode.swift; path = "MovieMO+CoreDataClass.swift"; sourceTree = "<group>"; };
		8DA5DB6623B260D900895DEF /* MovieMO+CoreDataProperties.swift */ = {isa = PBXFileReference; lastKnownFileType = sourcecode.swift; path = "MovieMO+CoreDataProperties.swift"; sourceTree = "<group>"; };
		8DAA63F223D1DB52002CEFF1 /* MovieCategoryCellCollectionViewCell.swift */ = {isa = PBXFileReference; lastKnownFileType = sourcecode.swift; path = MovieCategoryCellCollectionViewCell.swift; sourceTree = "<group>"; };
		8DAA63F623D4567E002CEFF1 /* TopRated.swift */ = {isa = PBXFileReference; lastKnownFileType = sourcecode.swift; path = TopRated.swift; sourceTree = "<group>"; };
		8DAA63F823D457E4002CEFF1 /* TopRatedQuery.swift */ = {isa = PBXFileReference; lastKnownFileType = sourcecode.swift; path = TopRatedQuery.swift; sourceTree = "<group>"; };
		8DAC28EB2419B053002127AA /* MovieTrendingSectionCell.swift */ = {isa = PBXFileReference; lastKnownFileType = sourcecode.swift; path = MovieTrendingSectionCell.swift; sourceTree = "<group>"; };
		8DAC28ED2419B10C002127AA /* TrendingMovieCell.swift */ = {isa = PBXFileReference; lastKnownFileType = sourcecode.swift; path = TrendingMovieCell.swift; sourceTree = "<group>"; };
		8DAC28F02419F1A3002127AA /* TrendingSectionHeaderCell.swift */ = {isa = PBXFileReference; lastKnownFileType = sourcecode.swift; path = TrendingSectionHeaderCell.swift; sourceTree = "<group>"; };
		8DAEF41F23B9B627008AE0EA /* BaseButton.swift */ = {isa = PBXFileReference; lastKnownFileType = sourcecode.swift; path = BaseButton.swift; sourceTree = "<group>"; };
		8DAEF42123B9C872008AE0EA /* AllCrewViewController.swift */ = {isa = PBXFileReference; lastKnownFileType = sourcecode.swift; path = AllCrewViewController.swift; sourceTree = "<group>"; };
		8DB0E60D23AA92CF00AAB29E /* Cache.swift */ = {isa = PBXFileReference; lastKnownFileType = sourcecode.swift; path = Cache.swift; sourceTree = "<group>"; };
		8DB21151240105F300946AD2 /* Movie Reviews.swift */ = {isa = PBXFileReference; lastKnownFileType = sourcecode.swift; path = "Movie Reviews.swift"; sourceTree = "<group>"; };
		8DB2115324010A6F00946AD2 /* ReviewCell.swift */ = {isa = PBXFileReference; lastKnownFileType = sourcecode.swift; path = ReviewCell.swift; sourceTree = "<group>"; };
		8DB2115524010C4000946AD2 /* BetterSnappingLayout.swift */ = {isa = PBXFileReference; fileEncoding = 4; lastKnownFileType = sourcecode.swift; path = BetterSnappingLayout.swift; sourceTree = "<group>"; };
		8DB298D62403C45000DE7195 /* OverviewSectionCell.swift */ = {isa = PBXFileReference; lastKnownFileType = sourcecode.swift; path = OverviewSectionCell.swift; sourceTree = "<group>"; };
		8DB298D92403CB9300DE7195 /* BasicInfoSectionCell.swift */ = {isa = PBXFileReference; lastKnownFileType = sourcecode.swift; path = BasicInfoSectionCell.swift; sourceTree = "<group>"; };
		8DB9468B23ACAB5300AFD13C /* Constants.swift */ = {isa = PBXFileReference; lastKnownFileType = sourcecode.swift; path = Constants.swift; sourceTree = "<group>"; };
		8DB9468D23ACBD7800AFD13C /* Network.swift */ = {isa = PBXFileReference; lastKnownFileType = sourcecode.swift; path = Network.swift; sourceTree = "<group>"; };
		8DB9469223AD139A00AFD13C /* ShortMovieInfoView.swift */ = {isa = PBXFileReference; lastKnownFileType = sourcecode.swift; path = ShortMovieInfoView.swift; sourceTree = "<group>"; };
		8DBC156C23C4E6B000547C57 /* DiscoverMovieQuery.swift */ = {isa = PBXFileReference; lastKnownFileType = sourcecode.swift; path = DiscoverMovieQuery.swift; sourceTree = "<group>"; };
		8DBC156E23C4E6D300547C57 /* MovieDetailQuery.swift */ = {isa = PBXFileReference; lastKnownFileType = sourcecode.swift; path = MovieDetailQuery.swift; sourceTree = "<group>"; };
		8DBC157023C4EAEE00547C57 /* NowPlaying.swift */ = {isa = PBXFileReference; lastKnownFileType = sourcecode.swift; path = NowPlaying.swift; sourceTree = "<group>"; };
		8DBC157223C4EC1300547C57 /* NowPlayingQuery.swift */ = {isa = PBXFileReference; lastKnownFileType = sourcecode.swift; path = NowPlayingQuery.swift; sourceTree = "<group>"; };
		8DBC157523C4EEF100547C57 /* MainMovieViewController.swift */ = {isa = PBXFileReference; lastKnownFileType = sourcecode.swift; path = MainMovieViewController.swift; sourceTree = "<group>"; };
		8DC0096024321641001A918F /* BaseNavItemController.swift */ = {isa = PBXFileReference; lastKnownFileType = sourcecode.swift; path = BaseNavItemController.swift; sourceTree = "<group>"; };
		8DE4DC4923B458860015445E /* MovieSearchResults.swift */ = {isa = PBXFileReference; lastKnownFileType = sourcecode.swift; path = MovieSearchResults.swift; sourceTree = "<group>"; };
		B1D1D0FAECAB24D25AE6BB26 /* Pods-MovieToWatch.debug.xcconfig */ = {isa = PBXFileReference; includeInIndex = 1; lastKnownFileType = text.xcconfig; name = "Pods-MovieToWatch.debug.xcconfig"; path = "Target Support Files/Pods-MovieToWatch/Pods-MovieToWatch.debug.xcconfig"; sourceTree = "<group>"; };
		D32883DACBBAEC17A1C8FF03 /* Pods_MovieToWatch.framework */ = {isa = PBXFileReference; explicitFileType = wrapper.framework; includeInIndex = 0; path = Pods_MovieToWatch.framework; sourceTree = BUILT_PRODUCTS_DIR; };
		EC7EA78312725EB9D76C05AF /* Pods-MovieToWatch.release.xcconfig */ = {isa = PBXFileReference; includeInIndex = 1; lastKnownFileType = text.xcconfig; name = "Pods-MovieToWatch.release.xcconfig"; path = "Target Support Files/Pods-MovieToWatch/Pods-MovieToWatch.release.xcconfig"; sourceTree = "<group>"; };
/* End PBXFileReference section */

/* Begin PBXFrameworksBuildPhase section */
		8D12BE4923A699CE006C72B4 /* Frameworks */ = {
			isa = PBXFrameworksBuildPhase;
			buildActionMask = 2147483647;
			files = (
				1912559EBAB5D4E9AD036803 /* Pods_MovieToWatch.framework in Frameworks */,
			);
			runOnlyForDeploymentPostprocessing = 0;
		};
/* End PBXFrameworksBuildPhase section */

/* Begin PBXGroup section */
		4B87B6FE24150D0E00DAA0FF /* Movie Collection */ = {
			isa = PBXGroup;
			children = (
				4B87B6FF24150D2000DAA0FF /* MovieCollectionController.swift */,
			);
			path = "Movie Collection";
			sourceTree = "<group>";
		};
		5F86C2DD2306D468B5ACE276 /* Pods */ = {
			isa = PBXGroup;
			children = (
				B1D1D0FAECAB24D25AE6BB26 /* Pods-MovieToWatch.debug.xcconfig */,
				EC7EA78312725EB9D76C05AF /* Pods-MovieToWatch.release.xcconfig */,
			);
			path = Pods;
			sourceTree = "<group>";
		};
		8D11617524194D1200B67F07 /* Trending */ = {
			isa = PBXGroup;
			children = (
				8DAC28EA2419AAF0002127AA /* Trending Section Cells */,
				8DAC28E92419AADE002127AA /* Trending Sections */,
				8D11617324194C8300B67F07 /* TrendingController.swift */,
				8DAC28F02419F1A3002127AA /* TrendingSectionHeaderCell.swift */,
			);
			path = Trending;
			sourceTree = "<group>";
		};
		8D12BE4323A699CE006C72B4 = {
			isa = PBXGroup;
			children = (
				8D62E5F1243075CF006EC8D7 /* Fonts */,
				8D12BE4E23A699CE006C72B4 /* MovieToWatch */,
				8D12BE4D23A699CE006C72B4 /* Products */,
				5F86C2DD2306D468B5ACE276 /* Pods */,
				AFBDE0318B7BCC3A551F23DE /* Frameworks */,
			);
			sourceTree = "<group>";
		};
		8D12BE4D23A699CE006C72B4 /* Products */ = {
			isa = PBXGroup;
			children = (
				8D12BE4C23A699CE006C72B4 /* MovieToWatch.app */,
			);
			name = Products;
			sourceTree = "<group>";
		};
		8D12BE4E23A699CE006C72B4 /* MovieToWatch */ = {
			isa = PBXGroup;
			children = (
				8DBC157423C4EEC500547C57 /* Movies */,
				8D63680523B4DAA9009CD78C /* Search */,
				8D400AED23B369AE006555D3 /* Discover */,
				8DA5DB4A23B24D0B00895DEF /* Codable */,
				8DA5DB4523B167C400895DEF /* CoreData */,
				8DA5DB4423B1674300895DEF /* Common */,
				8DB9469023AD12DF00AFD13C /* Utils */,
				8DB9468F23ACC34000AFD13C /* Network */,
				8D12BE6323A699FC006C72B4 /* Supporting Files */,
				8D12BE5823A699CF006C72B4 /* Assets.xcassets */,
				8D12BE5D23A699CF006C72B4 /* Info.plist */,
			);
			path = MovieToWatch;
			sourceTree = "<group>";
		};
		8D12BE6323A699FC006C72B4 /* Supporting Files */ = {
			isa = PBXGroup;
			children = (
				8D12BE4F23A699CE006C72B4 /* AppDelegate.swift */,
				8D12BE5123A699CE006C72B4 /* SceneDelegate.swift */,
				8D12BE5523A699CE006C72B4 /* Main.storyboard */,
				8D12BE5A23A699CF006C72B4 /* LaunchScreen.storyboard */,
			);
			path = "Supporting Files";
			sourceTree = "<group>";
		};
		8D1849D923FF5B7300BF6666 /* Posters */ = {
			isa = PBXGroup;
			children = (
				8D1849DA23FF5C1700BF6666 /* Poster.swift */,
				8D1849DC23FF64A600BF6666 /* ImagesCell.swift */,
			);
			path = Posters;
			sourceTree = "<group>";
		};
		8D1849DE23FF704400BF6666 /* Trailer */ = {
			isa = PBXGroup;
			children = (
				8D1849DF23FF732A00BF6666 /* Trailer.swift */,
				8D1849E123FF78F200BF6666 /* VideosCell.swift */,
			);
			path = Trailer;
			sourceTree = "<group>";
		};
		8D400AED23B369AE006555D3 /* Discover */ = {
			isa = PBXGroup;
			children = (
				8DB9469523AD13D600AFD13C /* MovieCard */,
				8D400AE923B33388006555D3 /* TestViewController.swift */,
			);
			path = Discover;
			sourceTree = "<group>";
		};
		8D58CC5523FE714F00819C94 /* Credits */ = {
			isa = PBXGroup;
			children = (
				8D58CC5623FE715D00819C94 /* Credits.swift */,
				8D58CC5823FE7E6900819C94 /* CastCell.swift */,
			);
			path = Credits;
			sourceTree = "<group>";
		};
		8D58CC5A23FE881200819C94 /* Previous files */ = {
			isa = PBXGroup;
			children = (
				8D821D6F23A8E96E0097F089 /* DetailMovieViewController.swift */,
				8DA1A05523B5BDF900B28167 /* CreditsView.swift */,
				8DAEF42123B9C872008AE0EA /* AllCrewViewController.swift */,
				8D76955923BC9B3B003A255C /* MovieImagesView.swift */,
				8D76955B23BCF1FC003A255C /* MovieVideosView.swift */,
				8D0A2F2B23BF05B5000F0519 /* MovieReviewView.swift */,
			);
			path = "Previous files";
			sourceTree = "<group>";
		};
		8D62E5E8242F7398006EC8D7 /* PersonDetailSection */ = {
			isa = PBXGroup;
			children = (
				8D62E5E9242F73AD006EC8D7 /* PersonDetailBaseSectionCell.swift */,
				8D62E5EB242F7415006EC8D7 /* PersonBiographySectionCell.swift */,
				8D62E5ED242F74E5006EC8D7 /* PersonDobSectionCell.swift */,
				8D62E5EF242F7F46006EC8D7 /* PersonAlsoKnownAsCell.swift */,
				8D97C6252436668C00C5EBDC /* PersonCreditCell.swift */,
			);
			path = PersonDetailSection;
			sourceTree = "<group>";
		};
		8D62E5F1243075CF006EC8D7 /* Fonts */ = {
			isa = PBXGroup;
			children = (
				8D62E5FC243075FC006EC8D7 /* NewYorkExtraLarge-Black.otf */,
				8D62E607243075FE006EC8D7 /* NewYorkExtraLarge-BlackItalic.otf */,
				8D62E603243075FD006EC8D7 /* NewYorkExtraLarge-Bold.otf */,
				8D62E60D243075FE006EC8D7 /* NewYorkExtraLarge-BoldItalic.otf */,
				8D62E611243075FF006EC8D7 /* NewYorkExtraLarge-Heavy.otf */,
				8D62E61B24307600006EC8D7 /* NewYorkExtraLarge-HeavyItalic.otf */,
				8D62E61924307600006EC8D7 /* NewYorkExtraLarge-Medium.otf */,
				8D62E5FD243075FC006EC8D7 /* NewYorkExtraLarge-MediumItalic.otf */,
				8D62E60F243075FF006EC8D7 /* NewYorkExtraLarge-Regular.otf */,
				8D62E5F8243075FC006EC8D7 /* NewYorkExtraLarge-RegularItalic.otf */,
				8D62E5F4243075FC006EC8D7 /* NewYorkExtraLarge-Semibold.otf */,
				8D62E612243075FF006EC8D7 /* NewYorkExtraLarge-SemiboldItalic.otf */,
				8D62E615243075FF006EC8D7 /* NewYorkLarge-Black.otf */,
				8D62E606243075FE006EC8D7 /* NewYorkLarge-BlackItalic.otf */,
				8D62E5FF243075FD006EC8D7 /* NewYorkLarge-Bold.otf */,
				8D62E61824307600006EC8D7 /* NewYorkLarge-BoldItalic.otf */,
				8D62E605243075FD006EC8D7 /* NewYorkLarge-Heavy.otf */,
				8D62E602243075FD006EC8D7 /* NewYorkLarge-HeavyItalic.otf */,
				8D62E5F5243075FC006EC8D7 /* NewYorkLarge-Medium.otf */,
				8D62E616243075FF006EC8D7 /* NewYorkLarge-MediumItalic.otf */,
				8D62E613243075FF006EC8D7 /* NewYorkLarge-Regular.otf */,
				8D62E5F9243075FC006EC8D7 /* NewYorkLarge-RegularItalic.otf */,
				8D62E608243075FE006EC8D7 /* NewYorkLarge-Semibold.otf */,
				8D62E61724307600006EC8D7 /* NewYorkLarge-SemiboldItalic.otf */,
				8D62E60E243075FF006EC8D7 /* NewYorkMedium-Black.otf */,
				8D62E61C24307600006EC8D7 /* NewYorkMedium-BlackItalic.otf */,
				8D62E5FA243075FC006EC8D7 /* NewYorkMedium-Bold.otf */,
				8D62E62024307601006EC8D7 /* NewYorkMedium-BoldItalic.otf */,
				8D62E610243075FF006EC8D7 /* NewYorkMedium-Heavy.otf */,
				8D62E60C243075FE006EC8D7 /* NewYorkMedium-HeavyItalic.otf */,
				8D62E62124307601006EC8D7 /* NewYorkMedium-Medium.otf */,
				8D62E600243075FD006EC8D7 /* NewYorkMedium-MediumItalic.otf */,
				8D62E5F7243075FC006EC8D7 /* NewYorkMedium-Regular.otf */,
				8D62E5FE243075FD006EC8D7 /* NewYorkMedium-RegularItalic.otf */,
				8D62E5F3243075FC006EC8D7 /* NewYorkMedium-Semibold.otf */,
				8D62E604243075FD006EC8D7 /* NewYorkMedium-SemiboldItalic.otf */,
				8D62E609243075FE006EC8D7 /* NewYorkSmall-Black.otf */,
				8D62E5F2243075FB006EC8D7 /* NewYorkSmall-BlackItalic.otf */,
				8D62E60A243075FE006EC8D7 /* NewYorkSmall-Bold.otf */,
				8D62E601243075FD006EC8D7 /* NewYorkSmall-BoldItalic.otf */,
				8D62E5F6243075FC006EC8D7 /* NewYorkSmall-Heavy.otf */,
				8D62E5FB243075FC006EC8D7 /* NewYorkSmall-HeavyItalic.otf */,
				8D62E614243075FF006EC8D7 /* NewYorkSmall-Medium.otf */,
				8D62E61D24307600006EC8D7 /* NewYorkSmall-MediumItalic.otf */,
				8D62E60B243075FE006EC8D7 /* NewYorkSmall-Regular.otf */,
				8D62E61E24307601006EC8D7 /* NewYorkSmall-RegularItalic.otf */,
				8D62E61A24307600006EC8D7 /* NewYorkSmall-Semibold.otf */,
				8D62E61F24307601006EC8D7 /* NewYorkSmall-SemiboldItalic.otf */,
			);
			path = Fonts;
			sourceTree = "<group>";
		};
		8D63680523B4DAA9009CD78C /* Search */ = {
			isa = PBXGroup;
			children = (
				8DAC28EF2419F0FA002127AA /* Search Result */,
				8D11617524194D1200B67F07 /* Trending */,
				8D400AEE23B36A56006555D3 /* MovieSearchViewController.swift */,
			);
			path = Search;
			sourceTree = "<group>";
		};
		8D8DEB99241B18BF003D927E /* Person Detail */ = {
			isa = PBXGroup;
			children = (
				8D62E5E8242F7398006EC8D7 /* PersonDetailSection */,
				8D4E16F8241B721200D8D3F4 /* PersonDetailViewController.swift */,
				8D4E16FE241C8B5700D8D3F4 /* PersonIntroController.swift */,
				8D1C6F72241EED1F007C1995 /* PersonIntroMovieCell.swift */,
				8D1C6F74241EF421007C1995 /* PersonContainerController.swift */,
			);
			path = "Person Detail";
			sourceTree = "<group>";
		};
		8DA5DAC323B14AFF00895DEF /* CoreDataObjectModel */ = {
			isa = PBXGroup;
			children = (
				8D400AE523B30A08006555D3 /* ImageCacheMO+CoreDataClass.swift */,
				8D400AE623B30A08006555D3 /* ImageCacheMO+CoreDataProperties.swift */,
				8DA5DB6523B260D900895DEF /* MovieMO+CoreDataClass.swift */,
				8DA5DB6623B260D900895DEF /* MovieMO+CoreDataProperties.swift */,
				8DA5DABD23B13DFC00895DEF /* DataModel.xcdatamodeld */,
			);
			path = CoreDataObjectModel;
			sourceTree = "<group>";
		};
		8DA5DB4423B1674300895DEF /* Common */ = {
			isa = PBXGroup;
			children = (
				8D8DEB99241B18BF003D927E /* Person Detail */,
				4B87B6FE24150D0E00DAA0FF /* Movie Collection */,
				8D400AEB23B34911006555D3 /* MainTabBarController.swift */,
				4B87B70124150F7C00DAA0FF /* BaseCollectionViewController.swift */,
				8DBC156B23C4E64E00547C57 /* Movie Detail */,
				8DC0096024321641001A918F /* BaseNavItemController.swift */,
			);
			path = Common;
			sourceTree = "<group>";
		};
		8DA5DB4523B167C400895DEF /* CoreData */ = {
			isa = PBXGroup;
			children = (
				8D4CFE9623B0EE4F00985287 /* CoreDataManager.swift */,
				8DA5DAC323B14AFF00895DEF /* CoreDataObjectModel */,
			);
			path = CoreData;
			sourceTree = "<group>";
		};
		8DA5DB4A23B24D0B00895DEF /* Codable */ = {
			isa = PBXGroup;
			children = (
				4B7046F62413A2EC0036388B /* Popular.swift */,
				4B7046F02413955C0036388B /* Upcoming.swift */,
				8DAA63F623D4567E002CEFF1 /* TopRated.swift */,
				8DBC157023C4EAEE00547C57 /* NowPlaying.swift */,
				8D12BE6523A6A2B4006C72B4 /* DiscoverMovie.swift */,
				8DA5DB4B23B24E0200895DEF /* MovieDetail.swift */,
				8DE4DC4923B458860015445E /* MovieSearchResults.swift */,
				4B7046F424139C460036388B /* BaseMovieResult.swift */,
				4B87B70324153BE900DAA0FF /* MultiSearch.swift */,
				4B6B1E1C24162080000C5C3E /* Trending.swift */,
				8D4E16FA241B751100D8D3F4 /* PersonDetail.swift */,
			);
			path = Codable;
			sourceTree = "<group>";
		};
		8DAC28E92419AADE002127AA /* Trending Sections */ = {
			isa = PBXGroup;
			children = (
				8D11617A2419527500B67F07 /* BaseTrendingSectionCell.swift */,
				8D11617E241954F400B67F07 /* PersonTrendingSectionCell.swift */,
				8DAC28EB2419B053002127AA /* MovieTrendingSectionCell.swift */,
			);
			path = "Trending Sections";
			sourceTree = "<group>";
		};
		8DAC28EA2419AAF0002127AA /* Trending Section Cells */ = {
			isa = PBXGroup;
			children = (
				8D11617824194DFF00B67F07 /* TrendingPersonCell.swift */,
				8D1161712419480300B67F07 /* BaseTrendingCell.swift */,
				8DAC28ED2419B10C002127AA /* TrendingMovieCell.swift */,
			);
			path = "Trending Section Cells";
			sourceTree = "<group>";
		};
		8DAC28EF2419F0FA002127AA /* Search Result */ = {
			isa = PBXGroup;
			children = (
				8D63680623B4DADC009CD78C /* MovieSearchResultsTableViewCell.swift */,
				4B6B1E22241676ED000C5C3E /* SearchResultsController.swift */,
				4B6B1E2624167A32000C5C3E /* BaseSearchResultCell.swift */,
				4B6B1E2424167A10000C5C3E /* MovieSearchResultCell.swift */,
				4B6BA72F2417563E00B38842 /* PersonSearchResultCell.swift */,
				4B6BA7362417A1A200B38842 /* TvSearchResultCell.swift */,
			);
			path = "Search Result";
			sourceTree = "<group>";
		};
		8DB21150240105E000946AD2 /* Reviews */ = {
			isa = PBXGroup;
			children = (
				8DB21151240105F300946AD2 /* Movie Reviews.swift */,
				8DB2115324010A6F00946AD2 /* ReviewCell.swift */,
			);
			path = Reviews;
			sourceTree = "<group>";
		};
		8DB298D52403C43E00DE7195 /* Overview */ = {
			isa = PBXGroup;
			children = (
				8DB298D62403C45000DE7195 /* OverviewSectionCell.swift */,
			);
			path = Overview;
			sourceTree = "<group>";
		};
		8DB298D82403CB6F00DE7195 /* Basic Info */ = {
			isa = PBXGroup;
			children = (
				8DB298D92403CB9300DE7195 /* BasicInfoSectionCell.swift */,
				8D1AC5852405526200CDDF41 /* GenreController.swift */,
				8D1AC587240557CB00CDDF41 /* GenreCell.swift */,
			);
			path = "Basic Info";
			sourceTree = "<group>";
		};
		8DB9468F23ACC34000AFD13C /* Network */ = {
			isa = PBXGroup;
			children = (
				8DB9468D23ACBD7800AFD13C /* Network.swift */,
				8D12BE6B23A79C4B006C72B4 /* APIConfiguration.swift */,
				8D63680323B470AF009CD78C /* MovieSearchQuery.swift */,
				8DBC156C23C4E6B000547C57 /* DiscoverMovieQuery.swift */,
				8DBC156E23C4E6D300547C57 /* MovieDetailQuery.swift */,
				8DBC157223C4EC1300547C57 /* NowPlayingQuery.swift */,
				8DAA63F823D457E4002CEFF1 /* TopRatedQuery.swift */,
				4B7046F2241398050036388B /* UpComingQuery.swift */,
				4B7046F82413A3870036388B /* PopularQuery.swift */,
				4B87B70524154BCC00DAA0FF /* MultiSearchQuery.swift */,
				4B6B1E1E241628E5000C5C3E /* TrendingQuery.swift */,
				8D4E16FC241B79DF00D8D3F4 /* PersonDetailQuery.swift */,
			);
			path = Network;
			sourceTree = "<group>";
		};
		8DB9469023AD12DF00AFD13C /* Utils */ = {
			isa = PBXGroup;
			children = (
				8DB2115524010C4000946AD2 /* BetterSnappingLayout.swift */,
				8D58CC4623FE307200819C94 /* UIView+Layout.swift */,
				8D58CC4523FE307200819C94 /* VerticalStackView.swift */,
				8D58CC4723FE307200819C94 /* Extensions.swift */,
				8DB9468B23ACAB5300AFD13C /* Constants.swift */,
				8DB0E60D23AA92CF00AAB29E /* Cache.swift */,
				4B6B1E20241632EC000C5C3E /* URLSessionInterceptor.swift */,
				4B6B1E2824167B03000C5C3E /* DateParser.swift */,
			);
			path = Utils;
			sourceTree = "<group>";
		};
		8DB9469523AD13D600AFD13C /* MovieCard */ = {
			isa = PBXGroup;
			children = (
				8DB9469223AD139A00AFD13C /* ShortMovieInfoView.swift */,
				8D12BE6723A74491006C72B4 /* CardCell.swift */,
				8D821D7123A8EE7A0097F089 /* CardAnimator.swift */,
			);
			path = MovieCard;
			sourceTree = "<group>";
		};
		8DBC156B23C4E64E00547C57 /* Movie Detail */ = {
			isa = PBXGroup;
			children = (
				8DB298D82403CB6F00DE7195 /* Basic Info */,
				8D58CC5A23FE881200819C94 /* Previous files */,
				8DB298D52403C43E00DE7195 /* Overview */,
				8DB21150240105E000946AD2 /* Reviews */,
				8D1849DE23FF704400BF6666 /* Trailer */,
				8D1849D923FF5B7300BF6666 /* Posters */,
				8D58CC5523FE714F00819C94 /* Credits */,
				8DAEF41F23B9B627008AE0EA /* BaseButton.swift */,
				8D58CC5123FE57F100819C94 /* MovieDetailViewController.swift */,
				8D58CC5323FE589F00819C94 /* MovieDetailSectionBaseCell.swift */,
				8D1849E323FF8C1800BF6666 /* MovieHeader.swift */,
			);
			path = "Movie Detail";
			sourceTree = "<group>";
		};
		8DBC157423C4EEC500547C57 /* Movies */ = {
			isa = PBXGroup;
			children = (
				8DBC157523C4EEF100547C57 /* MainMovieViewController.swift */,
				8DAA63F223D1DB52002CEFF1 /* MovieCategoryCellCollectionViewCell.swift */,
				4B87B6FC241427EA00DAA0FF /* IndividualMovieCell.swift */,
			);
			path = Movies;
			sourceTree = "<group>";
		};
		AFBDE0318B7BCC3A551F23DE /* Frameworks */ = {
			isa = PBXGroup;
			children = (
				D32883DACBBAEC17A1C8FF03 /* Pods_MovieToWatch.framework */,
			);
			name = Frameworks;
			sourceTree = "<group>";
		};
/* End PBXGroup section */

/* Begin PBXNativeTarget section */
		8D12BE4B23A699CE006C72B4 /* MovieToWatch */ = {
			isa = PBXNativeTarget;
			buildConfigurationList = 8D12BE6023A699CF006C72B4 /* Build configuration list for PBXNativeTarget "MovieToWatch" */;
			buildPhases = (
				F3639D35E3E387CAA41B2DBA /* [CP] Check Pods Manifest.lock */,
				8D12BE4823A699CE006C72B4 /* Sources */,
				8D12BE4923A699CE006C72B4 /* Frameworks */,
				8D12BE4A23A699CE006C72B4 /* Resources */,
				B91E1C3561172EA62D9B7DE1 /* [CP] Embed Pods Frameworks */,
			);
			buildRules = (
			);
			dependencies = (
			);
			name = MovieToWatch;
			productName = MovieToWatch;
			productReference = 8D12BE4C23A699CE006C72B4 /* MovieToWatch.app */;
			productType = "com.apple.product-type.application";
		};
/* End PBXNativeTarget section */

/* Begin PBXProject section */
		8D12BE4423A699CE006C72B4 /* Project object */ = {
			isa = PBXProject;
			attributes = {
				LastSwiftUpdateCheck = 1130;
				LastUpgradeCheck = 1130;
				ORGANIZATIONNAME = "Hongfei Yang";
				TargetAttributes = {
					8D12BE4B23A699CE006C72B4 = {
						CreatedOnToolsVersion = 11.3;
					};
				};
			};
			buildConfigurationList = 8D12BE4723A699CE006C72B4 /* Build configuration list for PBXProject "MovieToWatch" */;
			compatibilityVersion = "Xcode 11.0";
			developmentRegion = en;
			hasScannedForEncodings = 0;
			knownRegions = (
				en,
				Base,
			);
			mainGroup = 8D12BE4323A699CE006C72B4;
			productRefGroup = 8D12BE4D23A699CE006C72B4 /* Products */;
			projectDirPath = "";
			projectRoot = "";
			targets = (
				8D12BE4B23A699CE006C72B4 /* MovieToWatch */,
			);
		};
/* End PBXProject section */

/* Begin PBXResourcesBuildPhase section */
		8D12BE4A23A699CE006C72B4 /* Resources */ = {
			isa = PBXResourcesBuildPhase;
			buildActionMask = 2147483647;
			files = (
				8D62E64724307648006EC8D7 /* NewYorkSmall-BlackItalic.otf in Resources */,
				8D62E64924307648006EC8D7 /* NewYorkSmall-BoldItalic.otf in Resources */,
				8D62E62524307648006EC8D7 /* NewYorkExtraLarge-BoldItalic.otf in Resources */,
				8D62E62E24307648006EC8D7 /* NewYorkLarge-Black.otf in Resources */,
				8D62E63724307648006EC8D7 /* NewYorkLarge-RegularItalic.otf in Resources */,
				8D62E62A24307648006EC8D7 /* NewYorkExtraLarge-Regular.otf in Resources */,
				8D62E64E24307648006EC8D7 /* NewYorkSmall-Regular.otf in Resources */,
				8D62E64524307648006EC8D7 /* NewYorkMedium-SemiboldItalic.otf in Resources */,
				8D62E63A24307648006EC8D7 /* NewYorkMedium-Black.otf in Resources */,
				8D62E63C24307648006EC8D7 /* NewYorkMedium-Bold.otf in Resources */,
				8D62E64B24307648006EC8D7 /* NewYorkSmall-HeavyItalic.otf in Resources */,
				8D62E62F24307648006EC8D7 /* NewYorkLarge-BlackItalic.otf in Resources */,
				8D62E63424307648006EC8D7 /* NewYorkLarge-Medium.otf in Resources */,
				8D62E63E24307648006EC8D7 /* NewYorkMedium-Heavy.otf in Resources */,
				8D62E63324307648006EC8D7 /* NewYorkLarge-HeavyItalic.otf in Resources */,
				8D62E63024307648006EC8D7 /* NewYorkLarge-Bold.otf in Resources */,
				8D62E63924307648006EC8D7 /* NewYorkLarge-SemiboldItalic.otf in Resources */,
				8D12BE5C23A699CF006C72B4 /* LaunchScreen.storyboard in Resources */,
				8D62E62624307648006EC8D7 /* NewYorkExtraLarge-Heavy.otf in Resources */,
				8D62E64C24307648006EC8D7 /* NewYorkSmall-Medium.otf in Resources */,
				8D62E65124307648006EC8D7 /* NewYorkSmall-SemiboldItalic.otf in Resources */,
				8D62E64624307648006EC8D7 /* NewYorkSmall-Black.otf in Resources */,
				8D62E62D24307648006EC8D7 /* NewYorkExtraLarge-SemiboldItalic.otf in Resources */,
				8D62E62424307648006EC8D7 /* NewYorkExtraLarge-Bold.otf in Resources */,
				8D62E62324307648006EC8D7 /* NewYorkExtraLarge-BlackItalic.otf in Resources */,
				8D62E64424307648006EC8D7 /* NewYorkMedium-Semibold.otf in Resources */,
				8D62E62B24307648006EC8D7 /* NewYorkExtraLarge-RegularItalic.otf in Resources */,
				8D62E64124307648006EC8D7 /* NewYorkMedium-MediumItalic.otf in Resources */,
				8D62E62C24307648006EC8D7 /* NewYorkExtraLarge-Semibold.otf in Resources */,
				8D62E65024307648006EC8D7 /* NewYorkSmall-Semibold.otf in Resources */,
				8D12BE5923A699CF006C72B4 /* Assets.xcassets in Resources */,
				8D62E63D24307648006EC8D7 /* NewYorkMedium-BoldItalic.otf in Resources */,
				8D62E63524307648006EC8D7 /* NewYorkLarge-MediumItalic.otf in Resources */,
				8D62E64324307648006EC8D7 /* NewYorkMedium-RegularItalic.otf in Resources */,
				8D62E63624307648006EC8D7 /* NewYorkLarge-Regular.otf in Resources */,
				8D62E63224307648006EC8D7 /* NewYorkLarge-Heavy.otf in Resources */,
				8D62E62224307648006EC8D7 /* NewYorkExtraLarge-Black.otf in Resources */,
				8D62E64024307648006EC8D7 /* NewYorkMedium-Medium.otf in Resources */,
				8D62E64F24307648006EC8D7 /* NewYorkSmall-RegularItalic.otf in Resources */,
				8D62E64824307648006EC8D7 /* NewYorkSmall-Bold.otf in Resources */,
				8D62E63B24307648006EC8D7 /* NewYorkMedium-BlackItalic.otf in Resources */,
				8D62E64A24307648006EC8D7 /* NewYorkSmall-Heavy.otf in Resources */,
				8D62E63124307648006EC8D7 /* NewYorkLarge-BoldItalic.otf in Resources */,
				8D62E64D24307648006EC8D7 /* NewYorkSmall-MediumItalic.otf in Resources */,
				8D62E62924307648006EC8D7 /* NewYorkExtraLarge-MediumItalic.otf in Resources */,
				8D62E63824307648006EC8D7 /* NewYorkLarge-Semibold.otf in Resources */,
				8D62E64224307648006EC8D7 /* NewYorkMedium-Regular.otf in Resources */,
				8D62E63F24307648006EC8D7 /* NewYorkMedium-HeavyItalic.otf in Resources */,
				8D62E62824307648006EC8D7 /* NewYorkExtraLarge-Medium.otf in Resources */,
				8D12BE5723A699CE006C72B4 /* Main.storyboard in Resources */,
				8D62E62724307648006EC8D7 /* NewYorkExtraLarge-HeavyItalic.otf in Resources */,
			);
			runOnlyForDeploymentPostprocessing = 0;
		};
/* End PBXResourcesBuildPhase section */

/* Begin PBXShellScriptBuildPhase section */
		B91E1C3561172EA62D9B7DE1 /* [CP] Embed Pods Frameworks */ = {
			isa = PBXShellScriptBuildPhase;
			buildActionMask = 2147483647;
			files = (
			);
			inputFileListPaths = (
				"${PODS_ROOT}/Target Support Files/Pods-MovieToWatch/Pods-MovieToWatch-frameworks-${CONFIGURATION}-input-files.xcfilelist",
			);
			name = "[CP] Embed Pods Frameworks";
			outputFileListPaths = (
				"${PODS_ROOT}/Target Support Files/Pods-MovieToWatch/Pods-MovieToWatch-frameworks-${CONFIGURATION}-output-files.xcfilelist",
			);
			runOnlyForDeploymentPostprocessing = 0;
			shellPath = /bin/sh;
			shellScript = "\"${PODS_ROOT}/Target Support Files/Pods-MovieToWatch/Pods-MovieToWatch-frameworks.sh\"\n";
			showEnvVarsInLog = 0;
		};
		F3639D35E3E387CAA41B2DBA /* [CP] Check Pods Manifest.lock */ = {
			isa = PBXShellScriptBuildPhase;
			buildActionMask = 2147483647;
			files = (
			);
			inputFileListPaths = (
			);
			inputPaths = (
				"${PODS_PODFILE_DIR_PATH}/Podfile.lock",
				"${PODS_ROOT}/Manifest.lock",
			);
			name = "[CP] Check Pods Manifest.lock";
			outputFileListPaths = (
			);
			outputPaths = (
				"$(DERIVED_FILE_DIR)/Pods-MovieToWatch-checkManifestLockResult.txt",
			);
			runOnlyForDeploymentPostprocessing = 0;
			shellPath = /bin/sh;
			shellScript = "diff \"${PODS_PODFILE_DIR_PATH}/Podfile.lock\" \"${PODS_ROOT}/Manifest.lock\" > /dev/null\nif [ $? != 0 ] ; then\n    # print error to STDERR\n    echo \"error: The sandbox is not in sync with the Podfile.lock. Run 'pod install' or update your CocoaPods installation.\" >&2\n    exit 1\nfi\n# This output is used by Xcode 'outputs' to avoid re-running this script phase.\necho \"SUCCESS\" > \"${SCRIPT_OUTPUT_FILE_0}\"\n";
			showEnvVarsInLog = 0;
		};
/* End PBXShellScriptBuildPhase section */

/* Begin PBXSourcesBuildPhase section */
		8D12BE4823A699CE006C72B4 /* Sources */ = {
			isa = PBXSourcesBuildPhase;
			buildActionMask = 2147483647;
			files = (
				8DB21152240105F300946AD2 /* Movie Reviews.swift in Sources */,
				8DBC157123C4EAEE00547C57 /* NowPlaying.swift in Sources */,
				8D11617B2419527500B67F07 /* BaseTrendingSectionCell.swift in Sources */,
				8D97C6262436668C00C5EBDC /* PersonCreditCell.swift in Sources */,
				4B87B70624154BCC00DAA0FF /* MultiSearchQuery.swift in Sources */,
				8DBC157623C4EEF100547C57 /* MainMovieViewController.swift in Sources */,
				8D1849E223FF78F200BF6666 /* VideosCell.swift in Sources */,
				8D11617924194DFF00B67F07 /* TrendingPersonCell.swift in Sources */,
				8DB9468E23ACBD7800AFD13C /* Network.swift in Sources */,
				4B87B6FD241427EA00DAA0FF /* IndividualMovieCell.swift in Sources */,
				8D400AE723B30A08006555D3 /* ImageCacheMO+CoreDataClass.swift in Sources */,
				8D400AEC23B34911006555D3 /* MainTabBarController.swift in Sources */,
				8D1849DD23FF64A600BF6666 /* ImagesCell.swift in Sources */,
				4B87B70224150F7C00DAA0FF /* BaseCollectionViewController.swift in Sources */,
				4B6B1E2524167A10000C5C3E /* MovieSearchResultCell.swift in Sources */,
				8D1C6F73241EED1F007C1995 /* PersonIntroMovieCell.swift in Sources */,
				8DE4DC4A23B458860015445E /* MovieSearchResults.swift in Sources */,
				8D1AC5862405526200CDDF41 /* GenreController.swift in Sources */,
				8DA5DB6823B260D900895DEF /* MovieMO+CoreDataProperties.swift in Sources */,
				8D11617F241954F400B67F07 /* PersonTrendingSectionCell.swift in Sources */,
				8DB2115624010C4000946AD2 /* BetterSnappingLayout.swift in Sources */,
				8D4E16FB241B751100D8D3F4 /* PersonDetail.swift in Sources */,
				8DA5DABF23B13DFC00895DEF /* DataModel.xcdatamodeld in Sources */,
				8D400AE823B30A08006555D3 /* ImageCacheMO+CoreDataProperties.swift in Sources */,
				8DAA63F323D1DB52002CEFF1 /* MovieCategoryCellCollectionViewCell.swift in Sources */,
				8D62E5EE242F74E5006EC8D7 /* PersonDobSectionCell.swift in Sources */,
				8D58CC5423FE589F00819C94 /* MovieDetailSectionBaseCell.swift in Sources */,
				8D400AEA23B33388006555D3 /* TestViewController.swift in Sources */,
				8DAA63F923D457E4002CEFF1 /* TopRatedQuery.swift in Sources */,
				4B6B1E23241676ED000C5C3E /* SearchResultsController.swift in Sources */,
				8DAEF42023B9B627008AE0EA /* BaseButton.swift in Sources */,
				8D62E5EC242F7415006EC8D7 /* PersonBiographySectionCell.swift in Sources */,
				4B87B70424153BEA00DAA0FF /* MultiSearch.swift in Sources */,
				8D12BE6C23A79C4B006C72B4 /* APIConfiguration.swift in Sources */,
				8D62E5EA242F73AD006EC8D7 /* PersonDetailBaseSectionCell.swift in Sources */,
				8D58CC5923FE7E6900819C94 /* CastCell.swift in Sources */,
				8D1849E423FF8C1800BF6666 /* MovieHeader.swift in Sources */,
				8DAEF42223B9C872008AE0EA /* AllCrewViewController.swift in Sources */,
				8DC0096124321641001A918F /* BaseNavItemController.swift in Sources */,
				8D12BE5023A699CE006C72B4 /* AppDelegate.swift in Sources */,
				4B6B1E1D24162080000C5C3E /* Trending.swift in Sources */,
				4B7046F92413A3870036388B /* PopularQuery.swift in Sources */,
				8D1849E023FF732A00BF6666 /* Trailer.swift in Sources */,
				8D4E16FF241C8B5700D8D3F4 /* PersonIntroController.swift in Sources */,
				4B7046F3241398050036388B /* UpComingQuery.swift in Sources */,
				8DB298DA2403CB9300DE7195 /* BasicInfoSectionCell.swift in Sources */,
				8D1161722419480300B67F07 /* BaseTrendingCell.swift in Sources */,
				8D76955A23BC9B3B003A255C /* MovieImagesView.swift in Sources */,
				8D58CC4A23FE307200819C94 /* Extensions.swift in Sources */,
				8D58CC5223FE57F100819C94 /* MovieDetailViewController.swift in Sources */,
				4B6BA7372417A1A200B38842 /* TvSearchResultCell.swift in Sources */,
				8DAC28EC2419B053002127AA /* MovieTrendingSectionCell.swift in Sources */,
				8D821D7023A8E96E0097F089 /* DetailMovieViewController.swift in Sources */,
				8D821D7223A8EE7A0097F089 /* CardAnimator.swift in Sources */,
				8D58CC5723FE715D00819C94 /* Credits.swift in Sources */,
				8DB2115424010A6F00946AD2 /* ReviewCell.swift in Sources */,
				4B6B1E1F241628E5000C5C3E /* TrendingQuery.swift in Sources */,
				4B7046F524139C460036388B /* BaseMovieResult.swift in Sources */,
				4B87B70024150D2100DAA0FF /* MovieCollectionController.swift in Sources */,
				8DBC157323C4EC1300547C57 /* NowPlayingQuery.swift in Sources */,
				8D400AEF23B36A56006555D3 /* MovieSearchViewController.swift in Sources */,
				8DA5DB4C23B24E0200895DEF /* MovieDetail.swift in Sources */,
				8DB9469323AD139A00AFD13C /* ShortMovieInfoView.swift in Sources */,
				8D63680723B4DADC009CD78C /* MovieSearchResultsTableViewCell.swift in Sources */,
				8D58CC4923FE307200819C94 /* UIView+Layout.swift in Sources */,
				8DB0E60E23AA92CF00AAB29E /* Cache.swift in Sources */,
				8D12BE6623A6A2B4006C72B4 /* DiscoverMovie.swift in Sources */,
				8DAA63F723D4567E002CEFF1 /* TopRated.swift in Sources */,
				8D1849DB23FF5C1700BF6666 /* Poster.swift in Sources */,
				8D12BE6823A74491006C72B4 /* CardCell.swift in Sources */,
				4B6B1E21241632EC000C5C3E /* URLSessionInterceptor.swift in Sources */,
				8D1C6F75241EF421007C1995 /* PersonContainerController.swift in Sources */,
				8D4E16F9241B721200D8D3F4 /* PersonDetailViewController.swift in Sources */,
				8D58CC4823FE307200819C94 /* VerticalStackView.swift in Sources */,
				8DA1A05623B5BDF900B28167 /* CreditsView.swift in Sources */,
				4B7046F72413A2EC0036388B /* Popular.swift in Sources */,
				8D12BE5223A699CE006C72B4 /* SceneDelegate.swift in Sources */,
				8DAC28F12419F1A3002127AA /* TrendingSectionHeaderCell.swift in Sources */,
				4B6BA7302417563E00B38842 /* PersonSearchResultCell.swift in Sources */,
				8D11617424194C8300B67F07 /* TrendingController.swift in Sources */,
				8DBC156F23C4E6D300547C57 /* MovieDetailQuery.swift in Sources */,
				8D4E16FD241B79DF00D8D3F4 /* PersonDetailQuery.swift in Sources */,
				8DB298D72403C45000DE7195 /* OverviewSectionCell.swift in Sources */,
				4B6B1E2724167A32000C5C3E /* BaseSearchResultCell.swift in Sources */,
				8D4CFE9723B0EE4F00985287 /* CoreDataManager.swift in Sources */,
				8D62E5F0242F7F46006EC8D7 /* PersonAlsoKnownAsCell.swift in Sources */,
				8DAC28EE2419B10C002127AA /* TrendingMovieCell.swift in Sources */,
				8D76955C23BCF1FC003A255C /* MovieVideosView.swift in Sources */,
				8D63680423B470AF009CD78C /* MovieSearchQuery.swift in Sources */,
				4B7046F12413955C0036388B /* Upcoming.swift in Sources */,
				4B6B1E2924167B03000C5C3E /* DateParser.swift in Sources */,
				8D0A2F2C23BF05B5000F0519 /* MovieReviewView.swift in Sources */,
				8DA5DB6723B260D900895DEF /* MovieMO+CoreDataClass.swift in Sources */,
				8D1AC588240557CB00CDDF41 /* GenreCell.swift in Sources */,
				8DB9468C23ACAB5300AFD13C /* Constants.swift in Sources */,
				8DBC156D23C4E6B000547C57 /* DiscoverMovieQuery.swift in Sources */,
			);
			runOnlyForDeploymentPostprocessing = 0;
		};
/* End PBXSourcesBuildPhase section */

/* Begin PBXVariantGroup section */
		8D12BE5523A699CE006C72B4 /* Main.storyboard */ = {
			isa = PBXVariantGroup;
			children = (
				8D12BE5623A699CE006C72B4 /* Base */,
			);
			name = Main.storyboard;
			sourceTree = "<group>";
		};
		8D12BE5A23A699CF006C72B4 /* LaunchScreen.storyboard */ = {
			isa = PBXVariantGroup;
			children = (
				8D12BE5B23A699CF006C72B4 /* Base */,
			);
			name = LaunchScreen.storyboard;
			sourceTree = "<group>";
		};
/* End PBXVariantGroup section */

/* Begin XCBuildConfiguration section */
		8D12BE5E23A699CF006C72B4 /* Debug */ = {
			isa = XCBuildConfiguration;
			buildSettings = {
				ALWAYS_SEARCH_USER_PATHS = NO;
				CLANG_ANALYZER_NONNULL = YES;
				CLANG_ANALYZER_NUMBER_OBJECT_CONVERSION = YES_AGGRESSIVE;
				CLANG_CXX_LANGUAGE_STANDARD = "gnu++14";
				CLANG_CXX_LIBRARY = "libc++";
				CLANG_ENABLE_MODULES = YES;
				CLANG_ENABLE_OBJC_ARC = YES;
				CLANG_ENABLE_OBJC_WEAK = YES;
				CLANG_WARN_BLOCK_CAPTURE_AUTORELEASING = YES;
				CLANG_WARN_BOOL_CONVERSION = YES;
				CLANG_WARN_COMMA = YES;
				CLANG_WARN_CONSTANT_CONVERSION = YES;
				CLANG_WARN_DEPRECATED_OBJC_IMPLEMENTATIONS = YES;
				CLANG_WARN_DIRECT_OBJC_ISA_USAGE = YES_ERROR;
				CLANG_WARN_DOCUMENTATION_COMMENTS = YES;
				CLANG_WARN_EMPTY_BODY = YES;
				CLANG_WARN_ENUM_CONVERSION = YES;
				CLANG_WARN_INFINITE_RECURSION = YES;
				CLANG_WARN_INT_CONVERSION = YES;
				CLANG_WARN_NON_LITERAL_NULL_CONVERSION = YES;
				CLANG_WARN_OBJC_IMPLICIT_RETAIN_SELF = YES;
				CLANG_WARN_OBJC_LITERAL_CONVERSION = YES;
				CLANG_WARN_OBJC_ROOT_CLASS = YES_ERROR;
				CLANG_WARN_RANGE_LOOP_ANALYSIS = YES;
				CLANG_WARN_STRICT_PROTOTYPES = YES;
				CLANG_WARN_SUSPICIOUS_MOVE = YES;
				CLANG_WARN_UNGUARDED_AVAILABILITY = YES_AGGRESSIVE;
				CLANG_WARN_UNREACHABLE_CODE = YES;
				CLANG_WARN__DUPLICATE_METHOD_MATCH = YES;
				COPY_PHASE_STRIP = NO;
				DEBUG_INFORMATION_FORMAT = dwarf;
				ENABLE_STRICT_OBJC_MSGSEND = YES;
				ENABLE_TESTABILITY = YES;
				GCC_C_LANGUAGE_STANDARD = gnu11;
				GCC_DYNAMIC_NO_PIC = NO;
				GCC_NO_COMMON_BLOCKS = YES;
				GCC_OPTIMIZATION_LEVEL = 0;
				GCC_PREPROCESSOR_DEFINITIONS = (
					"DEBUG=1",
					"$(inherited)",
				);
				GCC_WARN_64_TO_32_BIT_CONVERSION = YES;
				GCC_WARN_ABOUT_RETURN_TYPE = YES_ERROR;
				GCC_WARN_UNDECLARED_SELECTOR = YES;
				GCC_WARN_UNINITIALIZED_AUTOS = YES_AGGRESSIVE;
				GCC_WARN_UNUSED_FUNCTION = YES;
				GCC_WARN_UNUSED_VARIABLE = YES;
				IPHONEOS_DEPLOYMENT_TARGET = 13.2;
				MTL_ENABLE_DEBUG_INFO = INCLUDE_SOURCE;
				MTL_FAST_MATH = YES;
				ONLY_ACTIVE_ARCH = YES;
				SDKROOT = iphoneos;
				SWIFT_ACTIVE_COMPILATION_CONDITIONS = DEBUG;
				SWIFT_OPTIMIZATION_LEVEL = "-Onone";
			};
			name = Debug;
		};
		8D12BE5F23A699CF006C72B4 /* Release */ = {
			isa = XCBuildConfiguration;
			buildSettings = {
				ALWAYS_SEARCH_USER_PATHS = NO;
				CLANG_ANALYZER_NONNULL = YES;
				CLANG_ANALYZER_NUMBER_OBJECT_CONVERSION = YES_AGGRESSIVE;
				CLANG_CXX_LANGUAGE_STANDARD = "gnu++14";
				CLANG_CXX_LIBRARY = "libc++";
				CLANG_ENABLE_MODULES = YES;
				CLANG_ENABLE_OBJC_ARC = YES;
				CLANG_ENABLE_OBJC_WEAK = YES;
				CLANG_WARN_BLOCK_CAPTURE_AUTORELEASING = YES;
				CLANG_WARN_BOOL_CONVERSION = YES;
				CLANG_WARN_COMMA = YES;
				CLANG_WARN_CONSTANT_CONVERSION = YES;
				CLANG_WARN_DEPRECATED_OBJC_IMPLEMENTATIONS = YES;
				CLANG_WARN_DIRECT_OBJC_ISA_USAGE = YES_ERROR;
				CLANG_WARN_DOCUMENTATION_COMMENTS = YES;
				CLANG_WARN_EMPTY_BODY = YES;
				CLANG_WARN_ENUM_CONVERSION = YES;
				CLANG_WARN_INFINITE_RECURSION = YES;
				CLANG_WARN_INT_CONVERSION = YES;
				CLANG_WARN_NON_LITERAL_NULL_CONVERSION = YES;
				CLANG_WARN_OBJC_IMPLICIT_RETAIN_SELF = YES;
				CLANG_WARN_OBJC_LITERAL_CONVERSION = YES;
				CLANG_WARN_OBJC_ROOT_CLASS = YES_ERROR;
				CLANG_WARN_RANGE_LOOP_ANALYSIS = YES;
				CLANG_WARN_STRICT_PROTOTYPES = YES;
				CLANG_WARN_SUSPICIOUS_MOVE = YES;
				CLANG_WARN_UNGUARDED_AVAILABILITY = YES_AGGRESSIVE;
				CLANG_WARN_UNREACHABLE_CODE = YES;
				CLANG_WARN__DUPLICATE_METHOD_MATCH = YES;
				COPY_PHASE_STRIP = NO;
				DEBUG_INFORMATION_FORMAT = "dwarf-with-dsym";
				ENABLE_NS_ASSERTIONS = NO;
				ENABLE_STRICT_OBJC_MSGSEND = YES;
				GCC_C_LANGUAGE_STANDARD = gnu11;
				GCC_NO_COMMON_BLOCKS = YES;
				GCC_WARN_64_TO_32_BIT_CONVERSION = YES;
				GCC_WARN_ABOUT_RETURN_TYPE = YES_ERROR;
				GCC_WARN_UNDECLARED_SELECTOR = YES;
				GCC_WARN_UNINITIALIZED_AUTOS = YES_AGGRESSIVE;
				GCC_WARN_UNUSED_FUNCTION = YES;
				GCC_WARN_UNUSED_VARIABLE = YES;
				IPHONEOS_DEPLOYMENT_TARGET = 13.2;
				MTL_ENABLE_DEBUG_INFO = NO;
				MTL_FAST_MATH = YES;
				SDKROOT = iphoneos;
				SWIFT_COMPILATION_MODE = wholemodule;
				SWIFT_OPTIMIZATION_LEVEL = "-O";
				VALIDATE_PRODUCT = YES;
			};
			name = Release;
		};
		8D12BE6123A699CF006C72B4 /* Debug */ = {
			isa = XCBuildConfiguration;
			baseConfigurationReference = B1D1D0FAECAB24D25AE6BB26 /* Pods-MovieToWatch.debug.xcconfig */;
			buildSettings = {
				ASSETCATALOG_COMPILER_APPICON_NAME = AppIcon;
				CODE_SIGN_IDENTITY = "Apple Development";
				CODE_SIGN_STYLE = Automatic;
				DEVELOPMENT_TEAM = JCDJLS5JT8;
				INFOPLIST_FILE = MovieToWatch/Info.plist;
				IPHONEOS_DEPLOYMENT_TARGET = 13.0;
				LD_RUNPATH_SEARCH_PATHS = (
					"$(inherited)",
					"@executable_path/Frameworks",
				);
				PRODUCT_BUNDLE_IDENTIFIER = hongfeiyang.MovieToWatch;
				PRODUCT_NAME = "$(TARGET_NAME)";
				PROVISIONING_PROFILE_SPECIFIER = "";
				SWIFT_VERSION = 5.0;
				TARGETED_DEVICE_FAMILY = "1,2";
			};
			name = Debug;
		};
		8D12BE6223A699CF006C72B4 /* Release */ = {
			isa = XCBuildConfiguration;
			baseConfigurationReference = EC7EA78312725EB9D76C05AF /* Pods-MovieToWatch.release.xcconfig */;
			buildSettings = {
				ASSETCATALOG_COMPILER_APPICON_NAME = AppIcon;
				CODE_SIGN_IDENTITY = "Apple Development";
				CODE_SIGN_STYLE = Automatic;
				DEVELOPMENT_TEAM = JCDJLS5JT8;
				INFOPLIST_FILE = MovieToWatch/Info.plist;
				IPHONEOS_DEPLOYMENT_TARGET = 13.0;
				LD_RUNPATH_SEARCH_PATHS = (
					"$(inherited)",
					"@executable_path/Frameworks",
				);
				PRODUCT_BUNDLE_IDENTIFIER = hongfeiyang.MovieToWatch;
				PRODUCT_NAME = "$(TARGET_NAME)";
				PROVISIONING_PROFILE_SPECIFIER = "";
				SWIFT_VERSION = 5.0;
				TARGETED_DEVICE_FAMILY = "1,2";
			};
			name = Release;
		};
/* End XCBuildConfiguration section */

/* Begin XCConfigurationList section */
		8D12BE4723A699CE006C72B4 /* Build configuration list for PBXProject "MovieToWatch" */ = {
			isa = XCConfigurationList;
			buildConfigurations = (
				8D12BE5E23A699CF006C72B4 /* Debug */,
				8D12BE5F23A699CF006C72B4 /* Release */,
			);
			defaultConfigurationIsVisible = 0;
			defaultConfigurationName = Release;
		};
		8D12BE6023A699CF006C72B4 /* Build configuration list for PBXNativeTarget "MovieToWatch" */ = {
			isa = XCConfigurationList;
			buildConfigurations = (
				8D12BE6123A699CF006C72B4 /* Debug */,
				8D12BE6223A699CF006C72B4 /* Release */,
			);
			defaultConfigurationIsVisible = 0;
			defaultConfigurationName = Release;
		};
/* End XCConfigurationList section */

/* Begin XCVersionGroup section */
		8DA5DABD23B13DFC00895DEF /* DataModel.xcdatamodeld */ = {
			isa = XCVersionGroup;
			children = (
				8DA5DABE23B13DFC00895DEF /* DataModel.xcdatamodel */,
			);
			currentVersion = 8DA5DABE23B13DFC00895DEF /* DataModel.xcdatamodel */;
			path = DataModel.xcdatamodeld;
			sourceTree = "<group>";
			versionGroupType = wrapper.xcdatamodel;
		};
/* End XCVersionGroup section */
	};
	rootObject = 8D12BE4423A699CE006C72B4 /* Project object */;
}
