// !$*UTF8*$!
{
	archiveVersion = 1;
	classes = {
	};
	objectVersion = 52;
	objects = {

/* Begin PBXBuildFile section */
		8D12BE5023A699CE006C72B4 /* AppDelegate.swift in Sources */ = {isa = PBXBuildFile; fileRef = 8D12BE4F23A699CE006C72B4 /* AppDelegate.swift */; };
		8D12BE5223A699CE006C72B4 /* SceneDelegate.swift in Sources */ = {isa = PBXBuildFile; fileRef = 8D12BE5123A699CE006C72B4 /* SceneDelegate.swift */; };
		8D12BE5423A699CE006C72B4 /* MainViewController.swift in Sources */ = {isa = PBXBuildFile; fileRef = 8D12BE5323A699CE006C72B4 /* MainViewController.swift */; };
		8D12BE5723A699CE006C72B4 /* Main.storyboard in Resources */ = {isa = PBXBuildFile; fileRef = 8D12BE5523A699CE006C72B4 /* Main.storyboard */; };
		8D12BE5923A699CF006C72B4 /* Assets.xcassets in Resources */ = {isa = PBXBuildFile; fileRef = 8D12BE5823A699CF006C72B4 /* Assets.xcassets */; };
		8D12BE5C23A699CF006C72B4 /* LaunchScreen.storyboard in Resources */ = {isa = PBXBuildFile; fileRef = 8D12BE5A23A699CF006C72B4 /* LaunchScreen.storyboard */; };
		8D12BE6623A6A2B4006C72B4 /* DiscoverMovie.swift in Sources */ = {isa = PBXBuildFile; fileRef = 8D12BE6523A6A2B4006C72B4 /* DiscoverMovie.swift */; };
		8D12BE6823A74491006C72B4 /* CardTableViewCell.swift in Sources */ = {isa = PBXBuildFile; fileRef = 8D12BE6723A74491006C72B4 /* CardTableViewCell.swift */; };
		8D12BE6C23A79C4B006C72B4 /* APIConfiguration.swift in Sources */ = {isa = PBXBuildFile; fileRef = 8D12BE6B23A79C4B006C72B4 /* APIConfiguration.swift */; };
		8D400AE723B30A08006555D3 /* ImageCacheMO+CoreDataClass.swift in Sources */ = {isa = PBXBuildFile; fileRef = 8D400AE523B30A08006555D3 /* ImageCacheMO+CoreDataClass.swift */; };
		8D400AE823B30A08006555D3 /* ImageCacheMO+CoreDataProperties.swift in Sources */ = {isa = PBXBuildFile; fileRef = 8D400AE623B30A08006555D3 /* ImageCacheMO+CoreDataProperties.swift */; };
		8D400AEA23B33388006555D3 /* TestViewController.swift in Sources */ = {isa = PBXBuildFile; fileRef = 8D400AE923B33388006555D3 /* TestViewController.swift */; };
		8D400AEC23B34911006555D3 /* MainTabBarController.swift in Sources */ = {isa = PBXBuildFile; fileRef = 8D400AEB23B34911006555D3 /* MainTabBarController.swift */; };
		8D400AEF23B36A56006555D3 /* MovieSearchViewController.swift in Sources */ = {isa = PBXBuildFile; fileRef = 8D400AEE23B36A56006555D3 /* MovieSearchViewController.swift */; };
		8D4CFE9723B0EE4F00985287 /* CoreDataManager.swift in Sources */ = {isa = PBXBuildFile; fileRef = 8D4CFE9623B0EE4F00985287 /* CoreDataManager.swift */; };
		8D63680423B470AF009CD78C /* MovieSearchQuery.swift in Sources */ = {isa = PBXBuildFile; fileRef = 8D63680323B470AF009CD78C /* MovieSearchQuery.swift */; };
		8D63680723B4DADC009CD78C /* MovieSearchResultsTableViewCell.swift in Sources */ = {isa = PBXBuildFile; fileRef = 8D63680623B4DADC009CD78C /* MovieSearchResultsTableViewCell.swift */; };
		8D76955A23BC9B3B003A255C /* MovieImagesView.swift in Sources */ = {isa = PBXBuildFile; fileRef = 8D76955923BC9B3B003A255C /* MovieImagesView.swift */; };
		8D76955C23BCF1FC003A255C /* MovieVideosView.swift in Sources */ = {isa = PBXBuildFile; fileRef = 8D76955B23BCF1FC003A255C /* MovieVideosView.swift */; };
		8D821D7023A8E96E0097F089 /* DetailMovieViewController.swift in Sources */ = {isa = PBXBuildFile; fileRef = 8D821D6F23A8E96E0097F089 /* DetailMovieViewController.swift */; };
		8D821D7223A8EE7A0097F089 /* CardAnimator.swift in Sources */ = {isa = PBXBuildFile; fileRef = 8D821D7123A8EE7A0097F089 /* CardAnimator.swift */; };
		8DA1A05623B5BDF900B28167 /* CreditsView.swift in Sources */ = {isa = PBXBuildFile; fileRef = 8DA1A05523B5BDF900B28167 /* CreditsView.swift */; };
		8DA5DABF23B13DFC00895DEF /* DataModel.xcdatamodeld in Sources */ = {isa = PBXBuildFile; fileRef = 8DA5DABD23B13DFC00895DEF /* DataModel.xcdatamodeld */; };
		8DA5DB4C23B24E0200895DEF /* MovieDetail.swift in Sources */ = {isa = PBXBuildFile; fileRef = 8DA5DB4B23B24E0200895DEF /* MovieDetail.swift */; };
		8DA5DB6723B260D900895DEF /* MovieMO+CoreDataClass.swift in Sources */ = {isa = PBXBuildFile; fileRef = 8DA5DB6523B260D900895DEF /* MovieMO+CoreDataClass.swift */; };
		8DA5DB6823B260D900895DEF /* MovieMO+CoreDataProperties.swift in Sources */ = {isa = PBXBuildFile; fileRef = 8DA5DB6623B260D900895DEF /* MovieMO+CoreDataProperties.swift */; };
		8DAEF42023B9B627008AE0EA /* BaseButton.swift in Sources */ = {isa = PBXBuildFile; fileRef = 8DAEF41F23B9B627008AE0EA /* BaseButton.swift */; };
		8DAEF42223B9C872008AE0EA /* AllCrewViewController.swift in Sources */ = {isa = PBXBuildFile; fileRef = 8DAEF42123B9C872008AE0EA /* AllCrewViewController.swift */; };
		8DB0E60E23AA92CF00AAB29E /* Cache.swift in Sources */ = {isa = PBXBuildFile; fileRef = 8DB0E60D23AA92CF00AAB29E /* Cache.swift */; };
		8DB0E61023AB318300AAB29E /* Util.swift in Sources */ = {isa = PBXBuildFile; fileRef = 8DB0E60F23AB318300AAB29E /* Util.swift */; };
		8DB9468C23ACAB5300AFD13C /* Constants.swift in Sources */ = {isa = PBXBuildFile; fileRef = 8DB9468B23ACAB5300AFD13C /* Constants.swift */; };
		8DB9468E23ACBD7800AFD13C /* Network.swift in Sources */ = {isa = PBXBuildFile; fileRef = 8DB9468D23ACBD7800AFD13C /* Network.swift */; };
		8DB9469323AD139A00AFD13C /* ShortMovieInfoView.swift in Sources */ = {isa = PBXBuildFile; fileRef = 8DB9469223AD139A00AFD13C /* ShortMovieInfoView.swift */; };
		8DE4DC4A23B458860015445E /* MovieSearchResults.swift in Sources */ = {isa = PBXBuildFile; fileRef = 8DE4DC4923B458860015445E /* MovieSearchResults.swift */; };
/* End PBXBuildFile section */

/* Begin PBXFileReference section */
		8D12BE4C23A699CE006C72B4 /* MovieToWatch.app */ = {isa = PBXFileReference; explicitFileType = wrapper.application; includeInIndex = 0; path = MovieToWatch.app; sourceTree = BUILT_PRODUCTS_DIR; };
		8D12BE4F23A699CE006C72B4 /* AppDelegate.swift */ = {isa = PBXFileReference; lastKnownFileType = sourcecode.swift; path = AppDelegate.swift; sourceTree = "<group>"; };
		8D12BE5123A699CE006C72B4 /* SceneDelegate.swift */ = {isa = PBXFileReference; lastKnownFileType = sourcecode.swift; path = SceneDelegate.swift; sourceTree = "<group>"; };
		8D12BE5323A699CE006C72B4 /* MainViewController.swift */ = {isa = PBXFileReference; lastKnownFileType = sourcecode.swift; path = MainViewController.swift; sourceTree = "<group>"; };
		8D12BE5623A699CE006C72B4 /* Base */ = {isa = PBXFileReference; lastKnownFileType = file.storyboard; name = Base; path = Base.lproj/Main.storyboard; sourceTree = "<group>"; };
		8D12BE5823A699CF006C72B4 /* Assets.xcassets */ = {isa = PBXFileReference; lastKnownFileType = folder.assetcatalog; path = Assets.xcassets; sourceTree = "<group>"; };
		8D12BE5B23A699CF006C72B4 /* Base */ = {isa = PBXFileReference; lastKnownFileType = file.storyboard; name = Base; path = Base.lproj/LaunchScreen.storyboard; sourceTree = "<group>"; };
		8D12BE5D23A699CF006C72B4 /* Info.plist */ = {isa = PBXFileReference; lastKnownFileType = text.plist.xml; path = Info.plist; sourceTree = "<group>"; };
		8D12BE6523A6A2B4006C72B4 /* DiscoverMovie.swift */ = {isa = PBXFileReference; lastKnownFileType = sourcecode.swift; path = DiscoverMovie.swift; sourceTree = "<group>"; };
		8D12BE6723A74491006C72B4 /* CardTableViewCell.swift */ = {isa = PBXFileReference; lastKnownFileType = sourcecode.swift; path = CardTableViewCell.swift; sourceTree = "<group>"; };
		8D12BE6B23A79C4B006C72B4 /* APIConfiguration.swift */ = {isa = PBXFileReference; lastKnownFileType = sourcecode.swift; path = APIConfiguration.swift; sourceTree = "<group>"; };
		8D400AE523B30A08006555D3 /* ImageCacheMO+CoreDataClass.swift */ = {isa = PBXFileReference; lastKnownFileType = sourcecode.swift; path = "ImageCacheMO+CoreDataClass.swift"; sourceTree = "<group>"; };
		8D400AE623B30A08006555D3 /* ImageCacheMO+CoreDataProperties.swift */ = {isa = PBXFileReference; lastKnownFileType = sourcecode.swift; path = "ImageCacheMO+CoreDataProperties.swift"; sourceTree = "<group>"; };
		8D400AE923B33388006555D3 /* TestViewController.swift */ = {isa = PBXFileReference; lastKnownFileType = sourcecode.swift; path = TestViewController.swift; sourceTree = "<group>"; };
		8D400AEB23B34911006555D3 /* MainTabBarController.swift */ = {isa = PBXFileReference; lastKnownFileType = sourcecode.swift; path = MainTabBarController.swift; sourceTree = "<group>"; };
		8D400AEE23B36A56006555D3 /* MovieSearchViewController.swift */ = {isa = PBXFileReference; lastKnownFileType = sourcecode.swift; path = MovieSearchViewController.swift; sourceTree = "<group>"; };
		8D4CFE9623B0EE4F00985287 /* CoreDataManager.swift */ = {isa = PBXFileReference; lastKnownFileType = sourcecode.swift; path = CoreDataManager.swift; sourceTree = "<group>"; };
		8D63680323B470AF009CD78C /* MovieSearchQuery.swift */ = {isa = PBXFileReference; lastKnownFileType = sourcecode.swift; path = MovieSearchQuery.swift; sourceTree = "<group>"; };
		8D63680623B4DADC009CD78C /* MovieSearchResultsTableViewCell.swift */ = {isa = PBXFileReference; lastKnownFileType = sourcecode.swift; path = MovieSearchResultsTableViewCell.swift; sourceTree = "<group>"; };
		8D76955923BC9B3B003A255C /* MovieImagesView.swift */ = {isa = PBXFileReference; lastKnownFileType = sourcecode.swift; path = MovieImagesView.swift; sourceTree = "<group>"; };
		8D76955B23BCF1FC003A255C /* MovieVideosView.swift */ = {isa = PBXFileReference; lastKnownFileType = sourcecode.swift; path = MovieVideosView.swift; sourceTree = "<group>"; };
		8D821D6F23A8E96E0097F089 /* DetailMovieViewController.swift */ = {isa = PBXFileReference; lastKnownFileType = sourcecode.swift; path = DetailMovieViewController.swift; sourceTree = "<group>"; };
		8D821D7123A8EE7A0097F089 /* CardAnimator.swift */ = {isa = PBXFileReference; lastKnownFileType = sourcecode.swift; path = CardAnimator.swift; sourceTree = "<group>"; };
		8DA1A05523B5BDF900B28167 /* CreditsView.swift */ = {isa = PBXFileReference; lastKnownFileType = sourcecode.swift; path = CreditsView.swift; sourceTree = "<group>"; };
		8DA5DABE23B13DFC00895DEF /* DataModel.xcdatamodel */ = {isa = PBXFileReference; lastKnownFileType = wrapper.xcdatamodel; path = DataModel.xcdatamodel; sourceTree = "<group>"; };
		8DA5DB4B23B24E0200895DEF /* MovieDetail.swift */ = {isa = PBXFileReference; lastKnownFileType = sourcecode.swift; path = MovieDetail.swift; sourceTree = "<group>"; };
		8DA5DB6523B260D900895DEF /* MovieMO+CoreDataClass.swift */ = {isa = PBXFileReference; lastKnownFileType = sourcecode.swift; path = "MovieMO+CoreDataClass.swift"; sourceTree = "<group>"; };
		8DA5DB6623B260D900895DEF /* MovieMO+CoreDataProperties.swift */ = {isa = PBXFileReference; lastKnownFileType = sourcecode.swift; path = "MovieMO+CoreDataProperties.swift"; sourceTree = "<group>"; };
		8DAEF41F23B9B627008AE0EA /* BaseButton.swift */ = {isa = PBXFileReference; lastKnownFileType = sourcecode.swift; path = BaseButton.swift; sourceTree = "<group>"; };
		8DAEF42123B9C872008AE0EA /* AllCrewViewController.swift */ = {isa = PBXFileReference; lastKnownFileType = sourcecode.swift; path = AllCrewViewController.swift; sourceTree = "<group>"; };
		8DB0E60D23AA92CF00AAB29E /* Cache.swift */ = {isa = PBXFileReference; lastKnownFileType = sourcecode.swift; path = Cache.swift; sourceTree = "<group>"; };
		8DB0E60F23AB318300AAB29E /* Util.swift */ = {isa = PBXFileReference; lastKnownFileType = sourcecode.swift; path = Util.swift; sourceTree = "<group>"; };
		8DB9468B23ACAB5300AFD13C /* Constants.swift */ = {isa = PBXFileReference; lastKnownFileType = sourcecode.swift; path = Constants.swift; sourceTree = "<group>"; };
		8DB9468D23ACBD7800AFD13C /* Network.swift */ = {isa = PBXFileReference; lastKnownFileType = sourcecode.swift; path = Network.swift; sourceTree = "<group>"; };
		8DB9469223AD139A00AFD13C /* ShortMovieInfoView.swift */ = {isa = PBXFileReference; lastKnownFileType = sourcecode.swift; path = ShortMovieInfoView.swift; sourceTree = "<group>"; };
		8DE4DC4923B458860015445E /* MovieSearchResults.swift */ = {isa = PBXFileReference; lastKnownFileType = sourcecode.swift; path = MovieSearchResults.swift; sourceTree = "<group>"; };
/* End PBXFileReference section */

/* Begin PBXFrameworksBuildPhase section */
		8D12BE4923A699CE006C72B4 /* Frameworks */ = {
			isa = PBXFrameworksBuildPhase;
			buildActionMask = 2147483647;
			files = (
			);
			runOnlyForDeploymentPostprocessing = 0;
		};
/* End PBXFrameworksBuildPhase section */

/* Begin PBXGroup section */
		8D12BE4323A699CE006C72B4 = {
			isa = PBXGroup;
			children = (
				8D12BE4E23A699CE006C72B4 /* MovieToWatch */,
				8D12BE4D23A699CE006C72B4 /* Products */,
			);
			sourceTree = "<group>";
		};
		8D12BE4D23A699CE006C72B4 /* Products */ = {
			isa = PBXGroup;
			children = (
				8D12BE4C23A699CE006C72B4 /* MovieToWatch.app */,
			);
			name = Products;
			sourceTree = "<group>";
		};
		8D12BE4E23A699CE006C72B4 /* MovieToWatch */ = {
			isa = PBXGroup;
			children = (
				8D63680523B4DAA9009CD78C /* Search */,
				8D400AED23B369AE006555D3 /* Discover */,
				8DA5DB4A23B24D0B00895DEF /* Codable */,
				8DA5DB4523B167C400895DEF /* CoreData */,
				8DA5DB4423B1674300895DEF /* Common */,
				8DB9469023AD12DF00AFD13C /* Utils */,
				8DB9468F23ACC34000AFD13C /* Network */,
				8D12BE6323A699FC006C72B4 /* Supporting Files */,
				8D12BE5823A699CF006C72B4 /* Assets.xcassets */,
				8D12BE5D23A699CF006C72B4 /* Info.plist */,
			);
			path = MovieToWatch;
			sourceTree = "<group>";
		};
		8D12BE6323A699FC006C72B4 /* Supporting Files */ = {
			isa = PBXGroup;
			children = (
				8D12BE4F23A699CE006C72B4 /* AppDelegate.swift */,
				8D12BE5123A699CE006C72B4 /* SceneDelegate.swift */,
				8D12BE5523A699CE006C72B4 /* Main.storyboard */,
				8D12BE5A23A699CF006C72B4 /* LaunchScreen.storyboard */,
			);
			path = "Supporting Files";
			sourceTree = "<group>";
		};
		8D400AED23B369AE006555D3 /* Discover */ = {
			isa = PBXGroup;
			children = (
				8DB9469523AD13D600AFD13C /* MovieCard */,
				8D12BE5323A699CE006C72B4 /* MainViewController.swift */,
				8D400AE923B33388006555D3 /* TestViewController.swift */,
			);
			path = Discover;
			sourceTree = "<group>";
		};
		8D63680523B4DAA9009CD78C /* Search */ = {
			isa = PBXGroup;
			children = (
				8D400AEE23B36A56006555D3 /* MovieSearchViewController.swift */,
				8D63680623B4DADC009CD78C /* MovieSearchResultsTableViewCell.swift */,
			);
			path = Search;
			sourceTree = "<group>";
		};
		8DA5DAC323B14AFF00895DEF /* CoreDataObjectModel */ = {
			isa = PBXGroup;
			children = (
				8D400AE523B30A08006555D3 /* ImageCacheMO+CoreDataClass.swift */,
				8D400AE623B30A08006555D3 /* ImageCacheMO+CoreDataProperties.swift */,
				8DA5DB6523B260D900895DEF /* MovieMO+CoreDataClass.swift */,
				8DA5DB6623B260D900895DEF /* MovieMO+CoreDataProperties.swift */,
				8DA5DABD23B13DFC00895DEF /* DataModel.xcdatamodeld */,
			);
			path = CoreDataObjectModel;
			sourceTree = "<group>";
		};
		8DA5DB4423B1674300895DEF /* Common */ = {
			isa = PBXGroup;
			children = (
				8DAEF41F23B9B627008AE0EA /* BaseButton.swift */,
				8D821D6F23A8E96E0097F089 /* DetailMovieViewController.swift */,
				8D400AEB23B34911006555D3 /* MainTabBarController.swift */,
				8DA1A05523B5BDF900B28167 /* CreditsView.swift */,
				8DAEF42123B9C872008AE0EA /* AllCrewViewController.swift */,
				8D76955923BC9B3B003A255C /* MovieImagesView.swift */,
				8D76955B23BCF1FC003A255C /* MovieVideosView.swift */,
			);
			path = Common;
			sourceTree = "<group>";
		};
		8DA5DB4523B167C400895DEF /* CoreData */ = {
			isa = PBXGroup;
			children = (
				8D4CFE9623B0EE4F00985287 /* CoreDataManager.swift */,
				8DA5DAC323B14AFF00895DEF /* CoreDataObjectModel */,
			);
			path = CoreData;
			sourceTree = "<group>";
		};
		8DA5DB4A23B24D0B00895DEF /* Codable */ = {
			isa = PBXGroup;
			children = (
				8D12BE6523A6A2B4006C72B4 /* DiscoverMovie.swift */,
				8DA5DB4B23B24E0200895DEF /* MovieDetail.swift */,
				8DE4DC4923B458860015445E /* MovieSearchResults.swift */,
			);
			path = Codable;
			sourceTree = "<group>";
		};
		8DB9468F23ACC34000AFD13C /* Network */ = {
			isa = PBXGroup;
			children = (
				8DB9468D23ACBD7800AFD13C /* Network.swift */,
				8D12BE6B23A79C4B006C72B4 /* APIConfiguration.swift */,
				8D63680323B470AF009CD78C /* MovieSearchQuery.swift */,
			);
			path = Network;
			sourceTree = "<group>";
		};
		8DB9469023AD12DF00AFD13C /* Utils */ = {
			isa = PBXGroup;
			children = (
				8DB9468B23ACAB5300AFD13C /* Constants.swift */,
				8DB0E60F23AB318300AAB29E /* Util.swift */,
				8DB0E60D23AA92CF00AAB29E /* Cache.swift */,
			);
			path = Utils;
			sourceTree = "<group>";
		};
		8DB9469523AD13D600AFD13C /* MovieCard */ = {
			isa = PBXGroup;
			children = (
				8DB9469223AD139A00AFD13C /* ShortMovieInfoView.swift */,
				8D12BE6723A74491006C72B4 /* CardTableViewCell.swift */,
				8D821D7123A8EE7A0097F089 /* CardAnimator.swift */,
			);
			path = MovieCard;
			sourceTree = "<group>";
		};
/* End PBXGroup section */

/* Begin PBXNativeTarget section */
		8D12BE4B23A699CE006C72B4 /* MovieToWatch */ = {
			isa = PBXNativeTarget;
			buildConfigurationList = 8D12BE6023A699CF006C72B4 /* Build configuration list for PBXNativeTarget "MovieToWatch" */;
			buildPhases = (
				8D12BE4823A699CE006C72B4 /* Sources */,
				8D12BE4923A699CE006C72B4 /* Frameworks */,
				8D12BE4A23A699CE006C72B4 /* Resources */,
			);
			buildRules = (
			);
			dependencies = (
			);
			name = MovieToWatch;
			productName = MovieToWatch;
			productReference = 8D12BE4C23A699CE006C72B4 /* MovieToWatch.app */;
			productType = "com.apple.product-type.application";
		};
/* End PBXNativeTarget section */

/* Begin PBXProject section */
		8D12BE4423A699CE006C72B4 /* Project object */ = {
			isa = PBXProject;
			attributes = {
				LastSwiftUpdateCheck = 1130;
				LastUpgradeCheck = 1130;
				ORGANIZATIONNAME = "Hongfei Yang";
				TargetAttributes = {
					8D12BE4B23A699CE006C72B4 = {
						CreatedOnToolsVersion = 11.3;
					};
				};
			};
			buildConfigurationList = 8D12BE4723A699CE006C72B4 /* Build configuration list for PBXProject "MovieToWatch" */;
			compatibilityVersion = "Xcode 11.0";
			developmentRegion = en;
			hasScannedForEncodings = 0;
			knownRegions = (
				en,
				Base,
			);
			mainGroup = 8D12BE4323A699CE006C72B4;
			productRefGroup = 8D12BE4D23A699CE006C72B4 /* Products */;
			projectDirPath = "";
			projectRoot = "";
			targets = (
				8D12BE4B23A699CE006C72B4 /* MovieToWatch */,
			);
		};
/* End PBXProject section */

/* Begin PBXResourcesBuildPhase section */
		8D12BE4A23A699CE006C72B4 /* Resources */ = {
			isa = PBXResourcesBuildPhase;
			buildActionMask = 2147483647;
			files = (
				8D12BE5C23A699CF006C72B4 /* LaunchScreen.storyboard in Resources */,
				8D12BE5923A699CF006C72B4 /* Assets.xcassets in Resources */,
				8D12BE5723A699CE006C72B4 /* Main.storyboard in Resources */,
			);
			runOnlyForDeploymentPostprocessing = 0;
		};
/* End PBXResourcesBuildPhase section */

/* Begin PBXSourcesBuildPhase section */
		8D12BE4823A699CE006C72B4 /* Sources */ = {
			isa = PBXSourcesBuildPhase;
			buildActionMask = 2147483647;
			files = (
				8DB9468E23ACBD7800AFD13C /* Network.swift in Sources */,
				8D400AE723B30A08006555D3 /* ImageCacheMO+CoreDataClass.swift in Sources */,
				8D400AEC23B34911006555D3 /* MainTabBarController.swift in Sources */,
				8DE4DC4A23B458860015445E /* MovieSearchResults.swift in Sources */,
				8DB0E61023AB318300AAB29E /* Util.swift in Sources */,
				8DA5DB6823B260D900895DEF /* MovieMO+CoreDataProperties.swift in Sources */,
				8DA5DABF23B13DFC00895DEF /* DataModel.xcdatamodeld in Sources */,
				8D12BE5423A699CE006C72B4 /* MainViewController.swift in Sources */,
				8D400AE823B30A08006555D3 /* ImageCacheMO+CoreDataProperties.swift in Sources */,
				8D400AEA23B33388006555D3 /* TestViewController.swift in Sources */,
				8DAEF42023B9B627008AE0EA /* BaseButton.swift in Sources */,
				8D12BE6C23A79C4B006C72B4 /* APIConfiguration.swift in Sources */,
				8DAEF42223B9C872008AE0EA /* AllCrewViewController.swift in Sources */,
				8D12BE5023A699CE006C72B4 /* AppDelegate.swift in Sources */,
				8D76955A23BC9B3B003A255C /* MovieImagesView.swift in Sources */,
				8D821D7023A8E96E0097F089 /* DetailMovieViewController.swift in Sources */,
				8D821D7223A8EE7A0097F089 /* CardAnimator.swift in Sources */,
				8D400AEF23B36A56006555D3 /* MovieSearchViewController.swift in Sources */,
				8DA5DB4C23B24E0200895DEF /* MovieDetail.swift in Sources */,
				8DB9469323AD139A00AFD13C /* ShortMovieInfoView.swift in Sources */,
				8D63680723B4DADC009CD78C /* MovieSearchResultsTableViewCell.swift in Sources */,
				8DB0E60E23AA92CF00AAB29E /* Cache.swift in Sources */,
				8D12BE6623A6A2B4006C72B4 /* DiscoverMovie.swift in Sources */,
				8D12BE6823A74491006C72B4 /* CardTableViewCell.swift in Sources */,
				8DA1A05623B5BDF900B28167 /* CreditsView.swift in Sources */,
				8D12BE5223A699CE006C72B4 /* SceneDelegate.swift in Sources */,
				8D4CFE9723B0EE4F00985287 /* CoreDataManager.swift in Sources */,
				8D76955C23BCF1FC003A255C /* MovieVideosView.swift in Sources */,
				8D63680423B470AF009CD78C /* MovieSearchQuery.swift in Sources */,
				8DA5DB6723B260D900895DEF /* MovieMO+CoreDataClass.swift in Sources */,
				8DB9468C23ACAB5300AFD13C /* Constants.swift in Sources */,
			);
			runOnlyForDeploymentPostprocessing = 0;
		};
/* End PBXSourcesBuildPhase section */

/* Begin PBXVariantGroup section */
		8D12BE5523A699CE006C72B4 /* Main.storyboard */ = {
			isa = PBXVariantGroup;
			children = (
				8D12BE5623A699CE006C72B4 /* Base */,
			);
			name = Main.storyboard;
			sourceTree = "<group>";
		};
		8D12BE5A23A699CF006C72B4 /* LaunchScreen.storyboard */ = {
			isa = PBXVariantGroup;
			children = (
				8D12BE5B23A699CF006C72B4 /* Base */,
			);
			name = LaunchScreen.storyboard;
			sourceTree = "<group>";
		};
/* End PBXVariantGroup section */

/* Begin XCBuildConfiguration section */
		8D12BE5E23A699CF006C72B4 /* Debug */ = {
			isa = XCBuildConfiguration;
			buildSettings = {
				ALWAYS_SEARCH_USER_PATHS = NO;
				CLANG_ANALYZER_NONNULL = YES;
				CLANG_ANALYZER_NUMBER_OBJECT_CONVERSION = YES_AGGRESSIVE;
				CLANG_CXX_LANGUAGE_STANDARD = "gnu++14";
				CLANG_CXX_LIBRARY = "libc++";
				CLANG_ENABLE_MODULES = YES;
				CLANG_ENABLE_OBJC_ARC = YES;
				CLANG_ENABLE_OBJC_WEAK = YES;
				CLANG_WARN_BLOCK_CAPTURE_AUTORELEASING = YES;
				CLANG_WARN_BOOL_CONVERSION = YES;
				CLANG_WARN_COMMA = YES;
				CLANG_WARN_CONSTANT_CONVERSION = YES;
				CLANG_WARN_DEPRECATED_OBJC_IMPLEMENTATIONS = YES;
				CLANG_WARN_DIRECT_OBJC_ISA_USAGE = YES_ERROR;
				CLANG_WARN_DOCUMENTATION_COMMENTS = YES;
				CLANG_WARN_EMPTY_BODY = YES;
				CLANG_WARN_ENUM_CONVERSION = YES;
				CLANG_WARN_INFINITE_RECURSION = YES;
				CLANG_WARN_INT_CONVERSION = YES;
				CLANG_WARN_NON_LITERAL_NULL_CONVERSION = YES;
				CLANG_WARN_OBJC_IMPLICIT_RETAIN_SELF = YES;
				CLANG_WARN_OBJC_LITERAL_CONVERSION = YES;
				CLANG_WARN_OBJC_ROOT_CLASS = YES_ERROR;
				CLANG_WARN_RANGE_LOOP_ANALYSIS = YES;
				CLANG_WARN_STRICT_PROTOTYPES = YES;
				CLANG_WARN_SUSPICIOUS_MOVE = YES;
				CLANG_WARN_UNGUARDED_AVAILABILITY = YES_AGGRESSIVE;
				CLANG_WARN_UNREACHABLE_CODE = YES;
				CLANG_WARN__DUPLICATE_METHOD_MATCH = YES;
				COPY_PHASE_STRIP = NO;
				DEBUG_INFORMATION_FORMAT = dwarf;
				ENABLE_STRICT_OBJC_MSGSEND = YES;
				ENABLE_TESTABILITY = YES;
				GCC_C_LANGUAGE_STANDARD = gnu11;
				GCC_DYNAMIC_NO_PIC = NO;
				GCC_NO_COMMON_BLOCKS = YES;
				GCC_OPTIMIZATION_LEVEL = 0;
				GCC_PREPROCESSOR_DEFINITIONS = (
					"DEBUG=1",
					"$(inherited)",
				);
				GCC_WARN_64_TO_32_BIT_CONVERSION = YES;
				GCC_WARN_ABOUT_RETURN_TYPE = YES_ERROR;
				GCC_WARN_UNDECLARED_SELECTOR = YES;
				GCC_WARN_UNINITIALIZED_AUTOS = YES_AGGRESSIVE;
				GCC_WARN_UNUSED_FUNCTION = YES;
				GCC_WARN_UNUSED_VARIABLE = YES;
				IPHONEOS_DEPLOYMENT_TARGET = 13.2;
				MTL_ENABLE_DEBUG_INFO = INCLUDE_SOURCE;
				MTL_FAST_MATH = YES;
				ONLY_ACTIVE_ARCH = YES;
				SDKROOT = iphoneos;
				SWIFT_ACTIVE_COMPILATION_CONDITIONS = DEBUG;
				SWIFT_OPTIMIZATION_LEVEL = "-Onone";
			};
			name = Debug;
		};
		8D12BE5F23A699CF006C72B4 /* Release */ = {
			isa = XCBuildConfiguration;
			buildSettings = {
				ALWAYS_SEARCH_USER_PATHS = NO;
				CLANG_ANALYZER_NONNULL = YES;
				CLANG_ANALYZER_NUMBER_OBJECT_CONVERSION = YES_AGGRESSIVE;
				CLANG_CXX_LANGUAGE_STANDARD = "gnu++14";
				CLANG_CXX_LIBRARY = "libc++";
				CLANG_ENABLE_MODULES = YES;
				CLANG_ENABLE_OBJC_ARC = YES;
				CLANG_ENABLE_OBJC_WEAK = YES;
				CLANG_WARN_BLOCK_CAPTURE_AUTORELEASING = YES;
				CLANG_WARN_BOOL_CONVERSION = YES;
				CLANG_WARN_COMMA = YES;
				CLANG_WARN_CONSTANT_CONVERSION = YES;
				CLANG_WARN_DEPRECATED_OBJC_IMPLEMENTATIONS = YES;
				CLANG_WARN_DIRECT_OBJC_ISA_USAGE = YES_ERROR;
				CLANG_WARN_DOCUMENTATION_COMMENTS = YES;
				CLANG_WARN_EMPTY_BODY = YES;
				CLANG_WARN_ENUM_CONVERSION = YES;
				CLANG_WARN_INFINITE_RECURSION = YES;
				CLANG_WARN_INT_CONVERSION = YES;
				CLANG_WARN_NON_LITERAL_NULL_CONVERSION = YES;
				CLANG_WARN_OBJC_IMPLICIT_RETAIN_SELF = YES;
				CLANG_WARN_OBJC_LITERAL_CONVERSION = YES;
				CLANG_WARN_OBJC_ROOT_CLASS = YES_ERROR;
				CLANG_WARN_RANGE_LOOP_ANALYSIS = YES;
				CLANG_WARN_STRICT_PROTOTYPES = YES;
				CLANG_WARN_SUSPICIOUS_MOVE = YES;
				CLANG_WARN_UNGUARDED_AVAILABILITY = YES_AGGRESSIVE;
				CLANG_WARN_UNREACHABLE_CODE = YES;
				CLANG_WARN__DUPLICATE_METHOD_MATCH = YES;
				COPY_PHASE_STRIP = NO;
				DEBUG_INFORMATION_FORMAT = "dwarf-with-dsym";
				ENABLE_NS_ASSERTIONS = NO;
				ENABLE_STRICT_OBJC_MSGSEND = YES;
				GCC_C_LANGUAGE_STANDARD = gnu11;
				GCC_NO_COMMON_BLOCKS = YES;
				GCC_WARN_64_TO_32_BIT_CONVERSION = YES;
				GCC_WARN_ABOUT_RETURN_TYPE = YES_ERROR;
				GCC_WARN_UNDECLARED_SELECTOR = YES;
				GCC_WARN_UNINITIALIZED_AUTOS = YES_AGGRESSIVE;
				GCC_WARN_UNUSED_FUNCTION = YES;
				GCC_WARN_UNUSED_VARIABLE = YES;
				IPHONEOS_DEPLOYMENT_TARGET = 13.2;
				MTL_ENABLE_DEBUG_INFO = NO;
				MTL_FAST_MATH = YES;
				SDKROOT = iphoneos;
				SWIFT_COMPILATION_MODE = wholemodule;
				SWIFT_OPTIMIZATION_LEVEL = "-O";
				VALIDATE_PRODUCT = YES;
			};
			name = Release;
		};
		8D12BE6123A699CF006C72B4 /* Debug */ = {
			isa = XCBuildConfiguration;
			buildSettings = {
				ASSETCATALOG_COMPILER_APPICON_NAME = AppIcon;
				CODE_SIGN_STYLE = Automatic;
				DEVELOPMENT_TEAM = JCDJLS5JT8;
				INFOPLIST_FILE = MovieToWatch/Info.plist;
				IPHONEOS_DEPLOYMENT_TARGET = 13.0;
				LD_RUNPATH_SEARCH_PATHS = (
					"$(inherited)",
					"@executable_path/Frameworks",
				);
				PRODUCT_BUNDLE_IDENTIFIER = hongfeiyang.MovieToWatch;
				PRODUCT_NAME = "$(TARGET_NAME)";
				SWIFT_VERSION = 5.0;
				TARGETED_DEVICE_FAMILY = "1,2";
			};
			name = Debug;
		};
		8D12BE6223A699CF006C72B4 /* Release */ = {
			isa = XCBuildConfiguration;
			buildSettings = {
				ASSETCATALOG_COMPILER_APPICON_NAME = AppIcon;
				CODE_SIGN_STYLE = Automatic;
				DEVELOPMENT_TEAM = JCDJLS5JT8;
				INFOPLIST_FILE = MovieToWatch/Info.plist;
				IPHONEOS_DEPLOYMENT_TARGET = 13.0;
				LD_RUNPATH_SEARCH_PATHS = (
					"$(inherited)",
					"@executable_path/Frameworks",
				);
				PRODUCT_BUNDLE_IDENTIFIER = hongfeiyang.MovieToWatch;
				PRODUCT_NAME = "$(TARGET_NAME)";
				SWIFT_VERSION = 5.0;
				TARGETED_DEVICE_FAMILY = "1,2";
			};
			name = Release;
		};
/* End XCBuildConfiguration section */

/* Begin XCConfigurationList section */
		8D12BE4723A699CE006C72B4 /* Build configuration list for PBXProject "MovieToWatch" */ = {
			isa = XCConfigurationList;
			buildConfigurations = (
				8D12BE5E23A699CF006C72B4 /* Debug */,
				8D12BE5F23A699CF006C72B4 /* Release */,
			);
			defaultConfigurationIsVisible = 0;
			defaultConfigurationName = Release;
		};
		8D12BE6023A699CF006C72B4 /* Build configuration list for PBXNativeTarget "MovieToWatch" */ = {
			isa = XCConfigurationList;
			buildConfigurations = (
				8D12BE6123A699CF006C72B4 /* Debug */,
				8D12BE6223A699CF006C72B4 /* Release */,
			);
			defaultConfigurationIsVisible = 0;
			defaultConfigurationName = Release;
		};
/* End XCConfigurationList section */

/* Begin XCVersionGroup section */
		8DA5DABD23B13DFC00895DEF /* DataModel.xcdatamodeld */ = {
			isa = XCVersionGroup;
			children = (
				8DA5DABE23B13DFC00895DEF /* DataModel.xcdatamodel */,
			);
			currentVersion = 8DA5DABE23B13DFC00895DEF /* DataModel.xcdatamodel */;
			path = DataModel.xcdatamodeld;
			sourceTree = "<group>";
			versionGroupType = wrapper.xcdatamodel;
		};
/* End XCVersionGroup section */
	};
	rootObject = 8D12BE4423A699CE006C72B4 /* Project object */;
}
